// !$*UTF8*$!
{
	archiveVersion = 1;
	classes = {
	};
	objectVersion = 46;
	objects = {

/* Begin PBXBuildFile section */
		09411BB5A67E48069539D12E /* libPods.a in Frameworks */ = {isa = PBXBuildFile; fileRef = 482151283D684C95BE4FAA66 /* libPods.a */; };
		E4059A681758E16A00F4C351 /* MTMenuTableCell.m in Sources */ = {isa = PBXBuildFile; fileRef = E4059A671758E16A00F4C351 /* MTMenuTableCell.m */; };
		E4059A891758E49B00F4C351 /* Lato-Black.ttf in Resources */ = {isa = PBXBuildFile; fileRef = E4059A7F1758E49B00F4C351 /* Lato-Black.ttf */; };
		E4059A8A1758E49B00F4C351 /* Lato-BlackItalic.ttf in Resources */ = {isa = PBXBuildFile; fileRef = E4059A801758E49B00F4C351 /* Lato-BlackItalic.ttf */; };
		E4059A8B1758E49B00F4C351 /* Lato-Bold.ttf in Resources */ = {isa = PBXBuildFile; fileRef = E4059A811758E49B00F4C351 /* Lato-Bold.ttf */; };
		E4059A8C1758E49B00F4C351 /* Lato-BoldItalic.ttf in Resources */ = {isa = PBXBuildFile; fileRef = E4059A821758E49B00F4C351 /* Lato-BoldItalic.ttf */; };
		E4059A8D1758E49B00F4C351 /* Lato-Hairline.ttf in Resources */ = {isa = PBXBuildFile; fileRef = E4059A831758E49B00F4C351 /* Lato-Hairline.ttf */; };
		E4059A8E1758E49B00F4C351 /* Lato-HairlineItalic.ttf in Resources */ = {isa = PBXBuildFile; fileRef = E4059A841758E49B00F4C351 /* Lato-HairlineItalic.ttf */; };
		E4059A8F1758E49B00F4C351 /* Lato-Italic.ttf in Resources */ = {isa = PBXBuildFile; fileRef = E4059A851758E49B00F4C351 /* Lato-Italic.ttf */; };
		E4059A901758E49B00F4C351 /* Lato-Light.ttf in Resources */ = {isa = PBXBuildFile; fileRef = E4059A861758E49B00F4C351 /* Lato-Light.ttf */; };
		E4059A911758E49B00F4C351 /* Lato-LightItalic.ttf in Resources */ = {isa = PBXBuildFile; fileRef = E4059A871758E49B00F4C351 /* Lato-LightItalic.ttf */; };
		E4059A921758E49B00F4C351 /* Lato-Regular.ttf in Resources */ = {isa = PBXBuildFile; fileRef = E4059A881758E49B00F4C351 /* Lato-Regular.ttf */; };
		E4059AA31758EF1800F4C351 /* icon-popular.png in Resources */ = {isa = PBXBuildFile; fileRef = E4059A9B1758EF1800F4C351 /* icon-popular.png */; };
		E4059AA41758EF1800F4C351 /* icon-popular@2x.png in Resources */ = {isa = PBXBuildFile; fileRef = E4059A9C1758EF1800F4C351 /* icon-popular@2x.png */; };
		E4059AA51758EF1800F4C351 /* icon-outbox.png in Resources */ = {isa = PBXBuildFile; fileRef = E4059A9D1758EF1800F4C351 /* icon-outbox.png */; };
		E4059AA61758EF1800F4C351 /* icon-outbox@2x.png in Resources */ = {isa = PBXBuildFile; fileRef = E4059A9E1758EF1800F4C351 /* icon-outbox@2x.png */; };
		E4059AA71758EF1800F4C351 /* icon-inbox@2x.png in Resources */ = {isa = PBXBuildFile; fileRef = E4059A9F1758EF1800F4C351 /* icon-inbox@2x.png */; };
		E4059AA81758EF1800F4C351 /* icon-inbox.png in Resources */ = {isa = PBXBuildFile; fileRef = E4059AA01758EF1800F4C351 /* icon-inbox.png */; };
		E4059AA91758EF1800F4C351 /* icon-featured.png in Resources */ = {isa = PBXBuildFile; fileRef = E4059AA11758EF1800F4C351 /* icon-featured.png */; };
		E4059AAA1758EF1800F4C351 /* icon-featured@2x.png in Resources */ = {isa = PBXBuildFile; fileRef = E4059AA21758EF1800F4C351 /* icon-featured@2x.png */; };
		E4059AAD1758EFCE00F4C351 /* icon-playlist.png in Resources */ = {isa = PBXBuildFile; fileRef = E4059AAB1758EFCE00F4C351 /* icon-playlist.png */; };
		E4059AAE1758EFCE00F4C351 /* icon-playlist@2x.png in Resources */ = {isa = PBXBuildFile; fileRef = E4059AAC1758EFCE00F4C351 /* icon-playlist@2x.png */; };
		E4059AB11758F02000F4C351 /* icon-logout.png in Resources */ = {isa = PBXBuildFile; fileRef = E4059AAF1758F02000F4C351 /* icon-logout.png */; };
		E4059AB21758F02000F4C351 /* icon-logout@2x.png in Resources */ = {isa = PBXBuildFile; fileRef = E4059AB01758F02000F4C351 /* icon-logout@2x.png */; };
		E4059AB41759063200F4C351 /* album-example.jpg in Resources */ = {isa = PBXBuildFile; fileRef = E4059AB31759063200F4C351 /* album-example.jpg */; };
		E4160E53176245760054EB37 /* MarqueeLabel.m in Sources */ = {isa = PBXBuildFile; fileRef = E4160E52176245760054EB37 /* MarqueeLabel.m */; };
		E439729717637DA900059DD5 /* button-record.png in Resources */ = {isa = PBXBuildFile; fileRef = E439729517637DA900059DD5 /* button-record.png */; };
		E439729A1763839000059DD5 /* MTPlaybackController.m in Sources */ = {isa = PBXBuildFile; fileRef = E43972991763839000059DD5 /* MTPlaybackController.m */; };
		E439729D17639D2000059DD5 /* button-insert-front.png in Resources */ = {isa = PBXBuildFile; fileRef = E439729B17639D1D00059DD5 /* button-insert-front.png */; };
		E439729E17639D2000059DD5 /* button-insert-front@2x.png in Resources */ = {isa = PBXBuildFile; fileRef = E439729C17639D1E00059DD5 /* button-insert-front@2x.png */; };
		E43972A117639DAF00059DD5 /* button-insert-back.png in Resources */ = {isa = PBXBuildFile; fileRef = E439729F17639DAD00059DD5 /* button-insert-back.png */; };
		E43972A217639DAF00059DD5 /* button-insert-back@2x.png in Resources */ = {isa = PBXBuildFile; fileRef = E43972A017639DAE00059DD5 /* button-insert-back@2x.png */; };
		E43972A817639FD800059DD5 /* button-record@2x.png in Resources */ = {isa = PBXBuildFile; fileRef = E43972A717639FD800059DD5 /* button-record@2x.png */; };
		E43FE58F1764591200472986 /* MTFloatMusicViewController.m in Sources */ = {isa = PBXBuildFile; fileRef = E43FE58E1764591200472986 /* MTFloatMusicViewController.m */; };
		E43FE60F17645A0E00472986 /* CHDraggableView.m in Sources */ = {isa = PBXBuildFile; fileRef = E43FE60A17645A0D00472986 /* CHDraggableView.m */; };
		E43FE61117645A0E00472986 /* CHDraggingCoordinator.m in Sources */ = {isa = PBXBuildFile; fileRef = E43FE60E17645A0E00472986 /* CHDraggingCoordinator.m */; };
		E4431D251760E52B009ED59A /* icon-back.png in Resources */ = {isa = PBXBuildFile; fileRef = E4431D231760E52B009ED59A /* icon-back.png */; };
		E4431D261760E52B009ED59A /* icon-back@2x.png in Resources */ = {isa = PBXBuildFile; fileRef = E4431D241760E52B009ED59A /* icon-back@2x.png */; };
		E45C1443175B7A1E00EE709D /* navbar@2x.png in Resources */ = {isa = PBXBuildFile; fileRef = E45C1441175B7A1E00EE709D /* navbar@2x.png */; };
		E45C1444175B7A1E00EE709D /* navbar.png in Resources */ = {isa = PBXBuildFile; fileRef = E45C1442175B7A1E00EE709D /* navbar.png */; };
		E45C1447175B7AA800EE709D /* MTConstants.m in Sources */ = {isa = PBXBuildFile; fileRef = E45C1446175B7AA800EE709D /* MTConstants.m */; };
		E45C1458175B8D0F00EE709D /* icon-list.png in Resources */ = {isa = PBXBuildFile; fileRef = E45C1454175B8D0F00EE709D /* icon-list.png */; };
		E45C1459175B8D0F00EE709D /* icon-list@2x.png in Resources */ = {isa = PBXBuildFile; fileRef = E45C1455175B8D0F00EE709D /* icon-list@2x.png */; };
		E45C145A175B8D0F00EE709D /* icon-grid.png in Resources */ = {isa = PBXBuildFile; fileRef = E45C1456175B8D0F00EE709D /* icon-grid.png */; };
		E45C145B175B8D0F00EE709D /* icon-grid@2x.png in Resources */ = {isa = PBXBuildFile; fileRef = E45C1457175B8D0F00EE709D /* icon-grid@2x.png */; };
		E45C145E175B8E9D00EE709D /* UIViewController+DoubleRightBarItems.m in Sources */ = {isa = PBXBuildFile; fileRef = E45C145D175B8E9C00EE709D /* UIViewController+DoubleRightBarItems.m */; };
		E45C1461175B911600EE709D /* icon-search@2x.png in Resources */ = {isa = PBXBuildFile; fileRef = E45C145F175B911600EE709D /* icon-search@2x.png */; };
		E45C1462175B911600EE709D /* icon-search.png in Resources */ = {isa = PBXBuildFile; fileRef = E45C1460175B911600EE709D /* icon-search.png */; };
		E45C1465175B927800EE709D /* icon-menu@2x.png in Resources */ = {isa = PBXBuildFile; fileRef = E45C1463175B927800EE709D /* icon-menu@2x.png */; };
		E45C1466175B927800EE709D /* icon-menu.png in Resources */ = {isa = PBXBuildFile; fileRef = E45C1464175B927800EE709D /* icon-menu.png */; };
		E47F1745175F74A300194CFC /* MTProgressView.m in Sources */ = {isa = PBXBuildFile; fileRef = E47F1744175F74A300194CFC /* MTProgressView.m */; };
		E47F1750175F7DDB00194CFC /* MTSongViewController.m in Sources */ = {isa = PBXBuildFile; fileRef = E47F174F175F7DDB00194CFC /* MTSongViewController.m */; };
		E4AA8B33175798DF001FA121 /* MTLoginViewController.m in Sources */ = {isa = PBXBuildFile; fileRef = E4AA8B32175798DF001FA121 /* MTLoginViewController.m */; };
		E4AA8B3917579C6F001FA121 /* MTSliderViewController.m in Sources */ = {isa = PBXBuildFile; fileRef = E4AA8B3817579C6F001FA121 /* MTSliderViewController.m */; };
		E4AA8B3C17579C90001FA121 /* MTMenuViewController.m in Sources */ = {isa = PBXBuildFile; fileRef = E4AA8B3B17579C90001FA121 /* MTMenuViewController.m */; };
		E4AA8B4217579EBD001FA121 /* UIViewController+SliderView.m in Sources */ = {isa = PBXBuildFile; fileRef = E4AA8B4117579EBD001FA121 /* UIViewController+SliderView.m */; };
		E4AA8B451757A117001FA121 /* MTPlaylistListViewController.m in Sources */ = {isa = PBXBuildFile; fileRef = E4AA8B441757A117001FA121 /* MTPlaylistListViewController.m */; };
		E4AA8B481757A13E001FA121 /* MTPlaylistGridViewController.m in Sources */ = {isa = PBXBuildFile; fileRef = E4AA8B471757A13E001FA121 /* MTPlaylistGridViewController.m */; };
		E4AA8B4B1757A170001FA121 /* MTPlayMusicViewController.m in Sources */ = {isa = PBXBuildFile; fileRef = E4AA8B4A1757A170001FA121 /* MTPlayMusicViewController.m */; };
		E4AA8B4E1757A1A3001FA121 /* MTSongModel.m in Sources */ = {isa = PBXBuildFile; fileRef = E4AA8B4D1757A1A3001FA121 /* MTSongModel.m */; };
		E4AA8B511757A1C8001FA121 /* MTPlaylistModel.m in Sources */ = {isa = PBXBuildFile; fileRef = E4AA8B501757A1C8001FA121 /* MTPlaylistModel.m */; };
		E4AA8B541757A22A001FA121 /* MTVoiceNoteModel.m in Sources */ = {isa = PBXBuildFile; fileRef = E4AA8B531757A22A001FA121 /* MTVoiceNoteModel.m */; };
		E4AA8B571757A236001FA121 /* MTTextNoteModel.m in Sources */ = {isa = PBXBuildFile; fileRef = E4AA8B561757A236001FA121 /* MTTextNoteModel.m */; };
		E4AA8B5A1757A276001FA121 /* MTUserModel.m in Sources */ = {isa = PBXBuildFile; fileRef = E4AA8B591757A276001FA121 /* MTUserModel.m */; };
		E4AA8B5D1757A781001FA121 /* MTTalesViewController.m in Sources */ = {isa = PBXBuildFile; fileRef = E4AA8B5C1757A781001FA121 /* MTTalesViewController.m */; };
		E4AA8B601757A9B1001FA121 /* MTVoiceNoteViewController.m in Sources */ = {isa = PBXBuildFile; fileRef = E4AA8B5F1757A9B0001FA121 /* MTVoiceNoteViewController.m */; };
		E4AA8B631757A9BD001FA121 /* MTTextNoteViewController.m in Sources */ = {isa = PBXBuildFile; fileRef = E4AA8B621757A9BD001FA121 /* MTTextNoteViewController.m */; };
		E4AA8B661757A9F3001FA121 /* MTRecordVoiceNoteViewController.m in Sources */ = {isa = PBXBuildFile; fileRef = E4AA8B651757A9F3001FA121 /* MTRecordVoiceNoteViewController.m */; };
		E4AA8B691757AA07001FA121 /* MTSendTaleViewController.m in Sources */ = {isa = PBXBuildFile; fileRef = E4AA8B681757AA07001FA121 /* MTSendTaleViewController.m */; };
		E4AA8B6D1757AF81001FA121 /* MTPlaylistListCell.m in Sources */ = {isa = PBXBuildFile; fileRef = E4AA8B6C1757AF81001FA121 /* MTPlaylistListCell.m */; };
		E4AA8B701757AFBA001FA121 /* MTPlaylistGridCell.m in Sources */ = {isa = PBXBuildFile; fileRef = E4AA8B6F1757AFBA001FA121 /* MTPlaylistGridCell.m */; };
		E4AA8B721757B66E001FA121 /* MTPlaylistGridCell.xib in Resources */ = {isa = PBXBuildFile; fileRef = E4AA8B711757B66E001FA121 /* MTPlaylistGridCell.xib */; };
		E4AA8B741757B773001FA121 /* MTVoiceNoteView.xib in Resources */ = {isa = PBXBuildFile; fileRef = E4AA8B731757B773001FA121 /* MTVoiceNoteView.xib */; };
		E4AA8B761757B78A001FA121 /* MTTextNoteView.xib in Resources */ = {isa = PBXBuildFile; fileRef = E4AA8B751757B78A001FA121 /* MTTextNoteView.xib */; };
		E4AA8B781757B7C1001FA121 /* MTComments.xib in Resources */ = {isa = PBXBuildFile; fileRef = E4AA8B771757B7C0001FA121 /* MTComments.xib */; };
		E4AA8B7B1757B8A8001FA121 /* MTCommentCell.m in Sources */ = {isa = PBXBuildFile; fileRef = E4AA8B7A1757B8A8001FA121 /* MTCommentCell.m */; };
		E4AA8B7D1757B8BB001FA121 /* MTCommentCell.xib in Resources */ = {isa = PBXBuildFile; fileRef = E4AA8B7C1757B8BA001FA121 /* MTCommentCell.xib */; };
		E4AB9AD4175CF25A00A4DCFA /* UIColor+i7HexColor.m in Sources */ = {isa = PBXBuildFile; fileRef = E4AB9AD3175CF25A00A4DCFA /* UIColor+i7HexColor.m */; };
		E4AB9ADD175CF96C00A4DCFA /* MTSearchBarController.m in Sources */ = {isa = PBXBuildFile; fileRef = E4AB9ADC175CF96C00A4DCFA /* MTSearchBarController.m */; };
		E4AB9ADF175CF97D00A4DCFA /* MTSearchBar.xib in Resources */ = {isa = PBXBuildFile; fileRef = E4AB9ADE175CF97D00A4DCFA /* MTSearchBar.xib */; };
		E4BD1EDA1756604800518BDE /* UIKit.framework in Frameworks */ = {isa = PBXBuildFile; fileRef = E4BD1ED91756604800518BDE /* UIKit.framework */; };
		E4BD1EDC1756604800518BDE /* Foundation.framework in Frameworks */ = {isa = PBXBuildFile; fileRef = E4BD1EDB1756604800518BDE /* Foundation.framework */; };
		E4BD1EDE1756604800518BDE /* CoreGraphics.framework in Frameworks */ = {isa = PBXBuildFile; fileRef = E4BD1EDD1756604800518BDE /* CoreGraphics.framework */; };
		E4BD1EE41756604800518BDE /* InfoPlist.strings in Resources */ = {isa = PBXBuildFile; fileRef = E4BD1EE21756604800518BDE /* InfoPlist.strings */; };
		E4BD1EE61756604800518BDE /* main.m in Sources */ = {isa = PBXBuildFile; fileRef = E4BD1EE51756604800518BDE /* main.m */; };
		E4BD1EEA1756604800518BDE /* MTAppDelegate.m in Sources */ = {isa = PBXBuildFile; fileRef = E4BD1EE91756604800518BDE /* MTAppDelegate.m */; };
		E4BD1EEC1756604800518BDE /* Default.png in Resources */ = {isa = PBXBuildFile; fileRef = E4BD1EEB1756604800518BDE /* Default.png */; };
		E4BD1EEE1756604800518BDE /* Default@2x.png in Resources */ = {isa = PBXBuildFile; fileRef = E4BD1EED1756604800518BDE /* Default@2x.png */; };
		E4BD1EF01756604900518BDE /* Default-568h@2x.png in Resources */ = {isa = PBXBuildFile; fileRef = E4BD1EEF1756604900518BDE /* Default-568h@2x.png */; };
		E4BD1EF31756604900518BDE /* MainStoryboard.storyboard in Resources */ = {isa = PBXBuildFile; fileRef = E4BD1EF11756604900518BDE /* MainStoryboard.storyboard */; };
		E4BD1F011756632300518BDE /* MTNetworkController.m in Sources */ = {isa = PBXBuildFile; fileRef = E4BD1F001756632300518BDE /* MTNetworkController.m */; };
		E4BD1F051756634F00518BDE /* MTPlaylistController.m in Sources */ = {isa = PBXBuildFile; fileRef = E4BD1F041756634F00518BDE /* MTPlaylistController.m */; };
		E4BD1F08175663D100518BDE /* MTCommentsController.m in Sources */ = {isa = PBXBuildFile; fileRef = E4BD1F07175663D100518BDE /* MTCommentsController.m */; };
		E4BD1F0B175664E200518BDE /* MTRecordingController.m in Sources */ = {isa = PBXBuildFile; fileRef = E4BD1F0A175664E200518BDE /* MTRecordingController.m */; };
		E4BD1F111756673200518BDE /* MTUserController.m in Sources */ = {isa = PBXBuildFile; fileRef = E4BD1F101756673200518BDE /* MTUserController.m */; };
		E4BD1F141756676B00518BDE /* MTS3Controller.m in Sources */ = {isa = PBXBuildFile; fileRef = E4BD1F131756676B00518BDE /* MTS3Controller.m */; };
		E4BD1F171756679700518BDE /* MTCommentsModel.m in Sources */ = {isa = PBXBuildFile; fileRef = E4BD1F161756679700518BDE /* MTCommentsModel.m */; };
		E4CD25AB175E4D770042CF66 /* MTSongView.m in Sources */ = {isa = PBXBuildFile; fileRef = E4CD25AA175E4D770042CF66 /* MTSongView.m */; };
		E4CD25AF175E4F9D0042CF66 /* MediaPlayer.framework in Frameworks */ = {isa = PBXBuildFile; fileRef = E4CD25AE175E4F9C0042CF66 /* MediaPlayer.framework */; };
		E4EE2A071764863500FA28B0 /* AVFoundation.framework in Frameworks */ = {isa = PBXBuildFile; fileRef = E4EE2A061764863500FA28B0 /* AVFoundation.framework */; };
		E4EE2A091764864100FA28B0 /* AudioToolbox.framework in Frameworks */ = {isa = PBXBuildFile; fileRef = E4EE2A081764864100FA28B0 /* AudioToolbox.framework */; };
		E4EE2A0F17649D5300FA28B0 /* button-stop.png in Resources */ = {isa = PBXBuildFile; fileRef = E4EE2A0D17649D5300FA28B0 /* button-stop.png */; };
		E4EE2A1017649D5300FA28B0 /* button-stop@2x.png in Resources */ = {isa = PBXBuildFile; fileRef = E4EE2A0E17649D5300FA28B0 /* button-stop@2x.png */; };
		E4EE2A171764AABD00FA28B0 /* icon-confirm.png in Resources */ = {isa = PBXBuildFile; fileRef = E4EE2A151764AABD00FA28B0 /* icon-confirm.png */; };
		E4EE2A181764AABD00FA28B0 /* icon-confirm@2x.png in Resources */ = {isa = PBXBuildFile; fileRef = E4EE2A161764AABD00FA28B0 /* icon-confirm@2x.png */; };
		E4EE2A1B1764BB4700FA28B0 /* MTControlCircle.m in Sources */ = {isa = PBXBuildFile; fileRef = E4EE2A1A1764BB4700FA28B0 /* MTControlCircle.m */; };
		E4EE2A2A1764C6BF00FA28B0 /* cd-center@2x.png in Resources */ = {isa = PBXBuildFile; fileRef = E4EE2A281764C6BF00FA28B0 /* cd-center@2x.png */; };
		E4EE2A2B1764C6BF00FA28B0 /* cd-center.png in Resources */ = {isa = PBXBuildFile; fileRef = E4EE2A291764C6BF00FA28B0 /* cd-center.png */; };
		E4EE2A321764C97400FA28B0 /* icon-pause.png in Resources */ = {isa = PBXBuildFile; fileRef = E4EE2A2C1764C97300FA28B0 /* icon-pause.png */; };
		E4EE2A331764C97400FA28B0 /* icon-pause@2x.png in Resources */ = {isa = PBXBuildFile; fileRef = E4EE2A2D1764C97300FA28B0 /* icon-pause@2x.png */; };
		E4EE2A341764C97400FA28B0 /* icon-play.png in Resources */ = {isa = PBXBuildFile; fileRef = E4EE2A2E1764C97400FA28B0 /* icon-play.png */; };
		E4EE2A351764C97400FA28B0 /* icon-play@2x.png in Resources */ = {isa = PBXBuildFile; fileRef = E4EE2A2F1764C97400FA28B0 /* icon-play@2x.png */; };
		E4EE2A361764C97400FA28B0 /* icon-plus.png in Resources */ = {isa = PBXBuildFile; fileRef = E4EE2A301764C97400FA28B0 /* icon-plus.png */; };
		E4EE2A371764C97400FA28B0 /* icon-plus@2x.png in Resources */ = {isa = PBXBuildFile; fileRef = E4EE2A311764C97400FA28B0 /* icon-plus@2x.png */; };
		E4EE2A421764DC8700FA28B0 /* icon-write.png in Resources */ = {isa = PBXBuildFile; fileRef = E4EE2A381764DC8500FA28B0 /* icon-write.png */; };
		E4EE2A431764DC8700FA28B0 /* icon-write@2x.png in Resources */ = {isa = PBXBuildFile; fileRef = E4EE2A391764DC8500FA28B0 /* icon-write@2x.png */; };
		E4EE2A441764DC8700FA28B0 /* icon-tale.png in Resources */ = {isa = PBXBuildFile; fileRef = E4EE2A3A1764DC8500FA28B0 /* icon-tale.png */; };
		E4EE2A451764DC8700FA28B0 /* icon-tale@2x.png in Resources */ = {isa = PBXBuildFile; fileRef = E4EE2A3B1764DC8500FA28B0 /* icon-tale@2x.png */; };
		E4EE2A461764DC8700FA28B0 /* icon-like.png in Resources */ = {isa = PBXBuildFile; fileRef = E4EE2A3C1764DC8500FA28B0 /* icon-like.png */; };
		E4EE2A471764DC8700FA28B0 /* icon-like@2x.png in Resources */ = {isa = PBXBuildFile; fileRef = E4EE2A3D1764DC8600FA28B0 /* icon-like@2x.png */; };
		E4EE2A481764DC8700FA28B0 /* icon-twitter.png in Resources */ = {isa = PBXBuildFile; fileRef = E4EE2A3E1764DC8600FA28B0 /* icon-twitter.png */; };
		E4EE2A491764DC8700FA28B0 /* icon-twitter@2x.png in Resources */ = {isa = PBXBuildFile; fileRef = E4EE2A3F1764DC8600FA28B0 /* icon-twitter@2x.png */; };
		E4EE2A4A1764DC8700FA28B0 /* icon-recorder.png in Resources */ = {isa = PBXBuildFile; fileRef = E4EE2A401764DC8600FA28B0 /* icon-recorder.png */; };
		E4EE2A4B1764DC8700FA28B0 /* icon-recorder@2x.png in Resources */ = {isa = PBXBuildFile; fileRef = E4EE2A411764DC8600FA28B0 /* icon-recorder@2x.png */; };
/* End PBXBuildFile section */

/* Begin PBXFileReference section */
		391B5BE28835412F87F8FE0B /* Pods.xcconfig */ = {isa = PBXFileReference; includeInIndex = 1; lastKnownFileType = text.xcconfig; name = Pods.xcconfig; path = Pods/Pods.xcconfig; sourceTree = SOURCE_ROOT; };
		482151283D684C95BE4FAA66 /* libPods.a */ = {isa = PBXFileReference; explicitFileType = archive.ar; includeInIndex = 0; path = libPods.a; sourceTree = BUILT_PRODUCTS_DIR; };
		E4059A661758E16A00F4C351 /* MTMenuTableCell.h */ = {isa = PBXFileReference; fileEncoding = 4; lastKnownFileType = sourcecode.c.h; path = MTMenuTableCell.h; sourceTree = "<group>"; };
		E4059A671758E16A00F4C351 /* MTMenuTableCell.m */ = {isa = PBXFileReference; fileEncoding = 4; lastKnownFileType = sourcecode.c.objc; path = MTMenuTableCell.m; sourceTree = "<group>"; };
		E4059A7F1758E49B00F4C351 /* Lato-Black.ttf */ = {isa = PBXFileReference; lastKnownFileType = file; path = "Lato-Black.ttf"; sourceTree = "<group>"; };
		E4059A801758E49B00F4C351 /* Lato-BlackItalic.ttf */ = {isa = PBXFileReference; lastKnownFileType = file; path = "Lato-BlackItalic.ttf"; sourceTree = "<group>"; };
		E4059A811758E49B00F4C351 /* Lato-Bold.ttf */ = {isa = PBXFileReference; lastKnownFileType = file; path = "Lato-Bold.ttf"; sourceTree = "<group>"; };
		E4059A821758E49B00F4C351 /* Lato-BoldItalic.ttf */ = {isa = PBXFileReference; lastKnownFileType = file; path = "Lato-BoldItalic.ttf"; sourceTree = "<group>"; };
		E4059A831758E49B00F4C351 /* Lato-Hairline.ttf */ = {isa = PBXFileReference; lastKnownFileType = file; path = "Lato-Hairline.ttf"; sourceTree = "<group>"; };
		E4059A841758E49B00F4C351 /* Lato-HairlineItalic.ttf */ = {isa = PBXFileReference; lastKnownFileType = file; path = "Lato-HairlineItalic.ttf"; sourceTree = "<group>"; };
		E4059A851758E49B00F4C351 /* Lato-Italic.ttf */ = {isa = PBXFileReference; lastKnownFileType = file; path = "Lato-Italic.ttf"; sourceTree = "<group>"; };
		E4059A861758E49B00F4C351 /* Lato-Light.ttf */ = {isa = PBXFileReference; lastKnownFileType = file; path = "Lato-Light.ttf"; sourceTree = "<group>"; };
		E4059A871758E49B00F4C351 /* Lato-LightItalic.ttf */ = {isa = PBXFileReference; lastKnownFileType = file; path = "Lato-LightItalic.ttf"; sourceTree = "<group>"; };
		E4059A881758E49B00F4C351 /* Lato-Regular.ttf */ = {isa = PBXFileReference; lastKnownFileType = file; path = "Lato-Regular.ttf"; sourceTree = "<group>"; };
		E4059A9B1758EF1800F4C351 /* icon-popular.png */ = {isa = PBXFileReference; lastKnownFileType = image.png; path = "icon-popular.png"; sourceTree = "<group>"; };
		E4059A9C1758EF1800F4C351 /* icon-popular@2x.png */ = {isa = PBXFileReference; lastKnownFileType = image.png; path = "icon-popular@2x.png"; sourceTree = "<group>"; };
		E4059A9D1758EF1800F4C351 /* icon-outbox.png */ = {isa = PBXFileReference; lastKnownFileType = image.png; path = "icon-outbox.png"; sourceTree = "<group>"; };
		E4059A9E1758EF1800F4C351 /* icon-outbox@2x.png */ = {isa = PBXFileReference; lastKnownFileType = image.png; path = "icon-outbox@2x.png"; sourceTree = "<group>"; };
		E4059A9F1758EF1800F4C351 /* icon-inbox@2x.png */ = {isa = PBXFileReference; lastKnownFileType = image.png; path = "icon-inbox@2x.png"; sourceTree = "<group>"; };
		E4059AA01758EF1800F4C351 /* icon-inbox.png */ = {isa = PBXFileReference; lastKnownFileType = image.png; path = "icon-inbox.png"; sourceTree = "<group>"; };
		E4059AA11758EF1800F4C351 /* icon-featured.png */ = {isa = PBXFileReference; lastKnownFileType = image.png; path = "icon-featured.png"; sourceTree = "<group>"; };
		E4059AA21758EF1800F4C351 /* icon-featured@2x.png */ = {isa = PBXFileReference; lastKnownFileType = image.png; path = "icon-featured@2x.png"; sourceTree = "<group>"; };
		E4059AAB1758EFCE00F4C351 /* icon-playlist.png */ = {isa = PBXFileReference; lastKnownFileType = image.png; path = "icon-playlist.png"; sourceTree = "<group>"; };
		E4059AAC1758EFCE00F4C351 /* icon-playlist@2x.png */ = {isa = PBXFileReference; lastKnownFileType = image.png; path = "icon-playlist@2x.png"; sourceTree = "<group>"; };
		E4059AAF1758F02000F4C351 /* icon-logout.png */ = {isa = PBXFileReference; lastKnownFileType = image.png; path = "icon-logout.png"; sourceTree = "<group>"; };
		E4059AB01758F02000F4C351 /* icon-logout@2x.png */ = {isa = PBXFileReference; lastKnownFileType = image.png; path = "icon-logout@2x.png"; sourceTree = "<group>"; };
		E4059AB31759063200F4C351 /* album-example.jpg */ = {isa = PBXFileReference; lastKnownFileType = image.jpeg; path = "album-example.jpg"; sourceTree = "<group>"; };
		E4160E51176245760054EB37 /* MarqueeLabel.h */ = {isa = PBXFileReference; fileEncoding = 4; lastKnownFileType = sourcecode.c.h; path = MarqueeLabel.h; sourceTree = "<group>"; };
		E4160E52176245760054EB37 /* MarqueeLabel.m */ = {isa = PBXFileReference; fileEncoding = 4; lastKnownFileType = sourcecode.c.objc; path = MarqueeLabel.m; sourceTree = "<group>"; };
		E439729517637DA900059DD5 /* button-record.png */ = {isa = PBXFileReference; lastKnownFileType = image.png; path = "button-record.png"; sourceTree = "<group>"; };
		E43972981763839000059DD5 /* MTPlaybackController.h */ = {isa = PBXFileReference; fileEncoding = 4; lastKnownFileType = sourcecode.c.h; path = MTPlaybackController.h; sourceTree = "<group>"; };
		E43972991763839000059DD5 /* MTPlaybackController.m */ = {isa = PBXFileReference; fileEncoding = 4; lastKnownFileType = sourcecode.c.objc; path = MTPlaybackController.m; sourceTree = "<group>"; };
		E439729B17639D1D00059DD5 /* button-insert-front.png */ = {isa = PBXFileReference; lastKnownFileType = image.png; path = "button-insert-front.png"; sourceTree = "<group>"; };
		E439729C17639D1E00059DD5 /* button-insert-front@2x.png */ = {isa = PBXFileReference; lastKnownFileType = image.png; path = "button-insert-front@2x.png"; sourceTree = "<group>"; };
		E439729F17639DAD00059DD5 /* button-insert-back.png */ = {isa = PBXFileReference; lastKnownFileType = image.png; path = "button-insert-back.png"; sourceTree = "<group>"; };
		E43972A017639DAE00059DD5 /* button-insert-back@2x.png */ = {isa = PBXFileReference; lastKnownFileType = image.png; path = "button-insert-back@2x.png"; sourceTree = "<group>"; };
		E43972A717639FD800059DD5 /* button-record@2x.png */ = {isa = PBXFileReference; lastKnownFileType = image.png; path = "button-record@2x.png"; sourceTree = "<group>"; };
		E43FE58D1764591200472986 /* MTFloatMusicViewController.h */ = {isa = PBXFileReference; fileEncoding = 4; lastKnownFileType = sourcecode.c.h; path = MTFloatMusicViewController.h; sourceTree = "<group>"; };
		E43FE58E1764591200472986 /* MTFloatMusicViewController.m */ = {isa = PBXFileReference; fileEncoding = 4; lastKnownFileType = sourcecode.c.objc; path = MTFloatMusicViewController.m; sourceTree = "<group>"; };
		E43FE60917645A0D00472986 /* CHDraggableView.h */ = {isa = PBXFileReference; fileEncoding = 4; lastKnownFileType = sourcecode.c.h; name = CHDraggableView.h; path = MusTale/CHDraggableView.h; sourceTree = "<group>"; };
		E43FE60A17645A0D00472986 /* CHDraggableView.m */ = {isa = PBXFileReference; fileEncoding = 4; lastKnownFileType = sourcecode.c.objc; name = CHDraggableView.m; path = MusTale/CHDraggableView.m; sourceTree = "<group>"; };
		E43FE60D17645A0E00472986 /* CHDraggingCoordinator.h */ = {isa = PBXFileReference; fileEncoding = 4; lastKnownFileType = sourcecode.c.h; name = CHDraggingCoordinator.h; path = MusTale/CHDraggingCoordinator.h; sourceTree = "<group>"; };
		E43FE60E17645A0E00472986 /* CHDraggingCoordinator.m */ = {isa = PBXFileReference; fileEncoding = 4; lastKnownFileType = sourcecode.c.objc; name = CHDraggingCoordinator.m; path = MusTale/CHDraggingCoordinator.m; sourceTree = "<group>"; };
		E4431D231760E52B009ED59A /* icon-back.png */ = {isa = PBXFileReference; lastKnownFileType = image.png; path = "icon-back.png"; sourceTree = "<group>"; };
		E4431D241760E52B009ED59A /* icon-back@2x.png */ = {isa = PBXFileReference; lastKnownFileType = image.png; path = "icon-back@2x.png"; sourceTree = "<group>"; };
		E4472D93175A4712008BDE6C /* MTPlaylistViewDelegate.h */ = {isa = PBXFileReference; fileEncoding = 4; lastKnownFileType = sourcecode.c.h; path = MTPlaylistViewDelegate.h; sourceTree = "<group>"; };
		E45C1441175B7A1E00EE709D /* navbar@2x.png */ = {isa = PBXFileReference; lastKnownFileType = image.png; path = "navbar@2x.png"; sourceTree = "<group>"; };
		E45C1442175B7A1E00EE709D /* navbar.png */ = {isa = PBXFileReference; lastKnownFileType = image.png; path = navbar.png; sourceTree = "<group>"; };
		E45C1445175B7AA800EE709D /* MTConstants.h */ = {isa = PBXFileReference; fileEncoding = 4; lastKnownFileType = sourcecode.c.h; path = MTConstants.h; sourceTree = "<group>"; };
		E45C1446175B7AA800EE709D /* MTConstants.m */ = {isa = PBXFileReference; fileEncoding = 4; lastKnownFileType = sourcecode.c.objc; path = MTConstants.m; sourceTree = "<group>"; };
		E45C1454175B8D0F00EE709D /* icon-list.png */ = {isa = PBXFileReference; lastKnownFileType = image.png; path = "icon-list.png"; sourceTree = "<group>"; };
		E45C1455175B8D0F00EE709D /* icon-list@2x.png */ = {isa = PBXFileReference; lastKnownFileType = image.png; path = "icon-list@2x.png"; sourceTree = "<group>"; };
		E45C1456175B8D0F00EE709D /* icon-grid.png */ = {isa = PBXFileReference; lastKnownFileType = image.png; path = "icon-grid.png"; sourceTree = "<group>"; };
		E45C1457175B8D0F00EE709D /* icon-grid@2x.png */ = {isa = PBXFileReference; lastKnownFileType = image.png; path = "icon-grid@2x.png"; sourceTree = "<group>"; };
		E45C145C175B8E9C00EE709D /* UIViewController+DoubleRightBarItems.h */ = {isa = PBXFileReference; fileEncoding = 4; lastKnownFileType = sourcecode.c.h; path = "UIViewController+DoubleRightBarItems.h"; sourceTree = "<group>"; };
		E45C145D175B8E9C00EE709D /* UIViewController+DoubleRightBarItems.m */ = {isa = PBXFileReference; fileEncoding = 4; lastKnownFileType = sourcecode.c.objc; path = "UIViewController+DoubleRightBarItems.m"; sourceTree = "<group>"; };
		E45C145F175B911600EE709D /* icon-search@2x.png */ = {isa = PBXFileReference; lastKnownFileType = image.png; path = "icon-search@2x.png"; sourceTree = "<group>"; };
		E45C1460175B911600EE709D /* icon-search.png */ = {isa = PBXFileReference; lastKnownFileType = image.png; path = "icon-search.png"; sourceTree = "<group>"; };
		E45C1463175B927800EE709D /* icon-menu@2x.png */ = {isa = PBXFileReference; lastKnownFileType = image.png; path = "icon-menu@2x.png"; sourceTree = "<group>"; };
		E45C1464175B927800EE709D /* icon-menu.png */ = {isa = PBXFileReference; lastKnownFileType = image.png; path = "icon-menu.png"; sourceTree = "<group>"; };
		E47F1743175F74A300194CFC /* MTProgressView.h */ = {isa = PBXFileReference; fileEncoding = 4; lastKnownFileType = sourcecode.c.h; path = MTProgressView.h; sourceTree = "<group>"; };
		E47F1744175F74A300194CFC /* MTProgressView.m */ = {isa = PBXFileReference; fileEncoding = 4; lastKnownFileType = sourcecode.c.objc; path = MTProgressView.m; sourceTree = "<group>"; };
		E47F174E175F7DDA00194CFC /* MTSongViewController.h */ = {isa = PBXFileReference; fileEncoding = 4; lastKnownFileType = sourcecode.c.h; path = MTSongViewController.h; sourceTree = "<group>"; };
		E47F174F175F7DDB00194CFC /* MTSongViewController.m */ = {isa = PBXFileReference; fileEncoding = 4; lastKnownFileType = sourcecode.c.objc; path = MTSongViewController.m; sourceTree = "<group>"; };
		E4AA8B31175798DF001FA121 /* MTLoginViewController.h */ = {isa = PBXFileReference; fileEncoding = 4; lastKnownFileType = sourcecode.c.h; path = MTLoginViewController.h; sourceTree = "<group>"; };
		E4AA8B32175798DF001FA121 /* MTLoginViewController.m */ = {isa = PBXFileReference; fileEncoding = 4; lastKnownFileType = sourcecode.c.objc; path = MTLoginViewController.m; sourceTree = "<group>"; };
		E4AA8B3717579C6F001FA121 /* MTSliderViewController.h */ = {isa = PBXFileReference; fileEncoding = 4; lastKnownFileType = sourcecode.c.h; path = MTSliderViewController.h; sourceTree = "<group>"; };
		E4AA8B3817579C6F001FA121 /* MTSliderViewController.m */ = {isa = PBXFileReference; fileEncoding = 4; lastKnownFileType = sourcecode.c.objc; path = MTSliderViewController.m; sourceTree = "<group>"; };
		E4AA8B3A17579C90001FA121 /* MTMenuViewController.h */ = {isa = PBXFileReference; fileEncoding = 4; lastKnownFileType = sourcecode.c.h; path = MTMenuViewController.h; sourceTree = "<group>"; };
		E4AA8B3B17579C90001FA121 /* MTMenuViewController.m */ = {isa = PBXFileReference; fileEncoding = 4; lastKnownFileType = sourcecode.c.objc; path = MTMenuViewController.m; sourceTree = "<group>"; };
		E4AA8B4017579EBD001FA121 /* UIViewController+SliderView.h */ = {isa = PBXFileReference; fileEncoding = 4; lastKnownFileType = sourcecode.c.h; path = "UIViewController+SliderView.h"; sourceTree = "<group>"; };
		E4AA8B4117579EBD001FA121 /* UIViewController+SliderView.m */ = {isa = PBXFileReference; fileEncoding = 4; lastKnownFileType = sourcecode.c.objc; path = "UIViewController+SliderView.m"; sourceTree = "<group>"; };
		E4AA8B431757A117001FA121 /* MTPlaylistListViewController.h */ = {isa = PBXFileReference; fileEncoding = 4; lastKnownFileType = sourcecode.c.h; path = MTPlaylistListViewController.h; sourceTree = "<group>"; };
		E4AA8B441757A117001FA121 /* MTPlaylistListViewController.m */ = {isa = PBXFileReference; fileEncoding = 4; lastKnownFileType = sourcecode.c.objc; path = MTPlaylistListViewController.m; sourceTree = "<group>"; };
		E4AA8B461757A13E001FA121 /* MTPlaylistGridViewController.h */ = {isa = PBXFileReference; fileEncoding = 4; lastKnownFileType = sourcecode.c.h; path = MTPlaylistGridViewController.h; sourceTree = "<group>"; };
		E4AA8B471757A13E001FA121 /* MTPlaylistGridViewController.m */ = {isa = PBXFileReference; fileEncoding = 4; lastKnownFileType = sourcecode.c.objc; path = MTPlaylistGridViewController.m; sourceTree = "<group>"; };
		E4AA8B491757A170001FA121 /* MTPlayMusicViewController.h */ = {isa = PBXFileReference; fileEncoding = 4; lastKnownFileType = sourcecode.c.h; path = MTPlayMusicViewController.h; sourceTree = "<group>"; };
		E4AA8B4A1757A170001FA121 /* MTPlayMusicViewController.m */ = {isa = PBXFileReference; fileEncoding = 4; lastKnownFileType = sourcecode.c.objc; path = MTPlayMusicViewController.m; sourceTree = "<group>"; };
		E4AA8B4C1757A1A3001FA121 /* MTSongModel.h */ = {isa = PBXFileReference; fileEncoding = 4; lastKnownFileType = sourcecode.c.h; path = MTSongModel.h; sourceTree = "<group>"; };
		E4AA8B4D1757A1A3001FA121 /* MTSongModel.m */ = {isa = PBXFileReference; fileEncoding = 4; lastKnownFileType = sourcecode.c.objc; path = MTSongModel.m; sourceTree = "<group>"; };
		E4AA8B4F1757A1C8001FA121 /* MTPlaylistModel.h */ = {isa = PBXFileReference; fileEncoding = 4; lastKnownFileType = sourcecode.c.h; path = MTPlaylistModel.h; sourceTree = "<group>"; };
		E4AA8B501757A1C8001FA121 /* MTPlaylistModel.m */ = {isa = PBXFileReference; fileEncoding = 4; lastKnownFileType = sourcecode.c.objc; path = MTPlaylistModel.m; sourceTree = "<group>"; };
		E4AA8B521757A22A001FA121 /* MTVoiceNoteModel.h */ = {isa = PBXFileReference; fileEncoding = 4; lastKnownFileType = sourcecode.c.h; path = MTVoiceNoteModel.h; sourceTree = "<group>"; };
		E4AA8B531757A22A001FA121 /* MTVoiceNoteModel.m */ = {isa = PBXFileReference; fileEncoding = 4; lastKnownFileType = sourcecode.c.objc; path = MTVoiceNoteModel.m; sourceTree = "<group>"; };
		E4AA8B551757A236001FA121 /* MTTextNoteModel.h */ = {isa = PBXFileReference; fileEncoding = 4; lastKnownFileType = sourcecode.c.h; path = MTTextNoteModel.h; sourceTree = "<group>"; };
		E4AA8B561757A236001FA121 /* MTTextNoteModel.m */ = {isa = PBXFileReference; fileEncoding = 4; lastKnownFileType = sourcecode.c.objc; path = MTTextNoteModel.m; sourceTree = "<group>"; };
		E4AA8B581757A276001FA121 /* MTUserModel.h */ = {isa = PBXFileReference; fileEncoding = 4; lastKnownFileType = sourcecode.c.h; path = MTUserModel.h; sourceTree = "<group>"; };
		E4AA8B591757A276001FA121 /* MTUserModel.m */ = {isa = PBXFileReference; fileEncoding = 4; lastKnownFileType = sourcecode.c.objc; path = MTUserModel.m; sourceTree = "<group>"; };
		E4AA8B5B1757A781001FA121 /* MTTalesViewController.h */ = {isa = PBXFileReference; fileEncoding = 4; lastKnownFileType = sourcecode.c.h; path = MTTalesViewController.h; sourceTree = "<group>"; };
		E4AA8B5C1757A781001FA121 /* MTTalesViewController.m */ = {isa = PBXFileReference; fileEncoding = 4; lastKnownFileType = sourcecode.c.objc; path = MTTalesViewController.m; sourceTree = "<group>"; };
		E4AA8B5E1757A9B0001FA121 /* MTVoiceNoteViewController.h */ = {isa = PBXFileReference; fileEncoding = 4; lastKnownFileType = sourcecode.c.h; path = MTVoiceNoteViewController.h; sourceTree = "<group>"; };
		E4AA8B5F1757A9B0001FA121 /* MTVoiceNoteViewController.m */ = {isa = PBXFileReference; fileEncoding = 4; lastKnownFileType = sourcecode.c.objc; path = MTVoiceNoteViewController.m; sourceTree = "<group>"; };
		E4AA8B611757A9BD001FA121 /* MTTextNoteViewController.h */ = {isa = PBXFileReference; fileEncoding = 4; lastKnownFileType = sourcecode.c.h; path = MTTextNoteViewController.h; sourceTree = "<group>"; };
		E4AA8B621757A9BD001FA121 /* MTTextNoteViewController.m */ = {isa = PBXFileReference; fileEncoding = 4; lastKnownFileType = sourcecode.c.objc; path = MTTextNoteViewController.m; sourceTree = "<group>"; };
		E4AA8B641757A9F3001FA121 /* MTRecordVoiceNoteViewController.h */ = {isa = PBXFileReference; fileEncoding = 4; lastKnownFileType = sourcecode.c.h; path = MTRecordVoiceNoteViewController.h; sourceTree = "<group>"; };
		E4AA8B651757A9F3001FA121 /* MTRecordVoiceNoteViewController.m */ = {isa = PBXFileReference; fileEncoding = 4; lastKnownFileType = sourcecode.c.objc; path = MTRecordVoiceNoteViewController.m; sourceTree = "<group>"; };
		E4AA8B671757AA07001FA121 /* MTSendTaleViewController.h */ = {isa = PBXFileReference; fileEncoding = 4; lastKnownFileType = sourcecode.c.h; path = MTSendTaleViewController.h; sourceTree = "<group>"; };
		E4AA8B681757AA07001FA121 /* MTSendTaleViewController.m */ = {isa = PBXFileReference; fileEncoding = 4; lastKnownFileType = sourcecode.c.objc; path = MTSendTaleViewController.m; sourceTree = "<group>"; };
		E4AA8B6B1757AF81001FA121 /* MTPlaylistListCell.h */ = {isa = PBXFileReference; fileEncoding = 4; lastKnownFileType = sourcecode.c.h; path = MTPlaylistListCell.h; sourceTree = "<group>"; };
		E4AA8B6C1757AF81001FA121 /* MTPlaylistListCell.m */ = {isa = PBXFileReference; fileEncoding = 4; lastKnownFileType = sourcecode.c.objc; path = MTPlaylistListCell.m; sourceTree = "<group>"; };
		E4AA8B6E1757AFBA001FA121 /* MTPlaylistGridCell.h */ = {isa = PBXFileReference; fileEncoding = 4; lastKnownFileType = sourcecode.c.h; path = MTPlaylistGridCell.h; sourceTree = "<group>"; };
		E4AA8B6F1757AFBA001FA121 /* MTPlaylistGridCell.m */ = {isa = PBXFileReference; fileEncoding = 4; lastKnownFileType = sourcecode.c.objc; path = MTPlaylistGridCell.m; sourceTree = "<group>"; };
		E4AA8B711757B66E001FA121 /* MTPlaylistGridCell.xib */ = {isa = PBXFileReference; fileEncoding = 4; lastKnownFileType = file.xib; path = MTPlaylistGridCell.xib; sourceTree = "<group>"; };
		E4AA8B731757B773001FA121 /* MTVoiceNoteView.xib */ = {isa = PBXFileReference; fileEncoding = 4; lastKnownFileType = file.xib; path = MTVoiceNoteView.xib; sourceTree = "<group>"; };
		E4AA8B751757B78A001FA121 /* MTTextNoteView.xib */ = {isa = PBXFileReference; fileEncoding = 4; lastKnownFileType = file.xib; path = MTTextNoteView.xib; sourceTree = "<group>"; };
		E4AA8B771757B7C0001FA121 /* MTComments.xib */ = {isa = PBXFileReference; fileEncoding = 4; lastKnownFileType = file.xib; path = MTComments.xib; sourceTree = "<group>"; };
		E4AA8B791757B8A7001FA121 /* MTCommentCell.h */ = {isa = PBXFileReference; fileEncoding = 4; lastKnownFileType = sourcecode.c.h; path = MTCommentCell.h; sourceTree = "<group>"; };
		E4AA8B7A1757B8A8001FA121 /* MTCommentCell.m */ = {isa = PBXFileReference; fileEncoding = 4; lastKnownFileType = sourcecode.c.objc; path = MTCommentCell.m; sourceTree = "<group>"; };
		E4AA8B7C1757B8BA001FA121 /* MTCommentCell.xib */ = {isa = PBXFileReference; fileEncoding = 4; lastKnownFileType = file.xib; path = MTCommentCell.xib; sourceTree = "<group>"; };
		E4AB9AD2175CF25A00A4DCFA /* UIColor+i7HexColor.h */ = {isa = PBXFileReference; fileEncoding = 4; lastKnownFileType = sourcecode.c.h; name = "UIColor+i7HexColor.h"; path = "MusTale/UIColor+i7HexColor.h"; sourceTree = "<group>"; };
		E4AB9AD3175CF25A00A4DCFA /* UIColor+i7HexColor.m */ = {isa = PBXFileReference; fileEncoding = 4; lastKnownFileType = sourcecode.c.objc; name = "UIColor+i7HexColor.m"; path = "MusTale/UIColor+i7HexColor.m"; sourceTree = "<group>"; };
		E4AB9ADB175CF96C00A4DCFA /* MTSearchBarController.h */ = {isa = PBXFileReference; fileEncoding = 4; lastKnownFileType = sourcecode.c.h; path = MTSearchBarController.h; sourceTree = "<group>"; };
		E4AB9ADC175CF96C00A4DCFA /* MTSearchBarController.m */ = {isa = PBXFileReference; fileEncoding = 4; lastKnownFileType = sourcecode.c.objc; path = MTSearchBarController.m; sourceTree = "<group>"; };
		E4AB9ADE175CF97D00A4DCFA /* MTSearchBar.xib */ = {isa = PBXFileReference; fileEncoding = 4; lastKnownFileType = file.xib; path = MTSearchBar.xib; sourceTree = "<group>"; };
		E4BD1ED61756604800518BDE /* MusTale.app */ = {isa = PBXFileReference; explicitFileType = wrapper.application; includeInIndex = 0; path = MusTale.app; sourceTree = BUILT_PRODUCTS_DIR; };
		E4BD1ED91756604800518BDE /* UIKit.framework */ = {isa = PBXFileReference; lastKnownFileType = wrapper.framework; name = UIKit.framework; path = System/Library/Frameworks/UIKit.framework; sourceTree = SDKROOT; };
		E4BD1EDB1756604800518BDE /* Foundation.framework */ = {isa = PBXFileReference; lastKnownFileType = wrapper.framework; name = Foundation.framework; path = System/Library/Frameworks/Foundation.framework; sourceTree = SDKROOT; };
		E4BD1EDD1756604800518BDE /* CoreGraphics.framework */ = {isa = PBXFileReference; lastKnownFileType = wrapper.framework; name = CoreGraphics.framework; path = System/Library/Frameworks/CoreGraphics.framework; sourceTree = SDKROOT; };
		E4BD1EE11756604800518BDE /* MusTale-Info.plist */ = {isa = PBXFileReference; lastKnownFileType = text.plist.xml; path = "MusTale-Info.plist"; sourceTree = "<group>"; };
		E4BD1EE31756604800518BDE /* en */ = {isa = PBXFileReference; lastKnownFileType = text.plist.strings; name = en; path = en.lproj/InfoPlist.strings; sourceTree = "<group>"; };
		E4BD1EE51756604800518BDE /* main.m */ = {isa = PBXFileReference; lastKnownFileType = sourcecode.c.objc; path = main.m; sourceTree = "<group>"; };
		E4BD1EE71756604800518BDE /* MusTale-Prefix.pch */ = {isa = PBXFileReference; lastKnownFileType = sourcecode.c.h; path = "MusTale-Prefix.pch"; sourceTree = "<group>"; };
		E4BD1EE81756604800518BDE /* MTAppDelegate.h */ = {isa = PBXFileReference; lastKnownFileType = sourcecode.c.h; path = MTAppDelegate.h; sourceTree = "<group>"; };
		E4BD1EE91756604800518BDE /* MTAppDelegate.m */ = {isa = PBXFileReference; lastKnownFileType = sourcecode.c.objc; path = MTAppDelegate.m; sourceTree = "<group>"; };
		E4BD1EEB1756604800518BDE /* Default.png */ = {isa = PBXFileReference; lastKnownFileType = image.png; path = Default.png; sourceTree = "<group>"; };
		E4BD1EED1756604800518BDE /* Default@2x.png */ = {isa = PBXFileReference; lastKnownFileType = image.png; path = "Default@2x.png"; sourceTree = "<group>"; };
		E4BD1EEF1756604900518BDE /* Default-568h@2x.png */ = {isa = PBXFileReference; lastKnownFileType = image.png; path = "Default-568h@2x.png"; sourceTree = "<group>"; };
		E4BD1EF21756604900518BDE /* en */ = {isa = PBXFileReference; lastKnownFileType = file.storyboard; name = en; path = en.lproj/MainStoryboard.storyboard; sourceTree = "<group>"; };
		E4BD1EFF1756632300518BDE /* MTNetworkController.h */ = {isa = PBXFileReference; fileEncoding = 4; lastKnownFileType = sourcecode.c.h; path = MTNetworkController.h; sourceTree = "<group>"; };
		E4BD1F001756632300518BDE /* MTNetworkController.m */ = {isa = PBXFileReference; fileEncoding = 4; lastKnownFileType = sourcecode.c.objc; path = MTNetworkController.m; sourceTree = "<group>"; };
		E4BD1F031756634F00518BDE /* MTPlaylistController.h */ = {isa = PBXFileReference; fileEncoding = 4; lastKnownFileType = sourcecode.c.h; path = MTPlaylistController.h; sourceTree = "<group>"; };
		E4BD1F041756634F00518BDE /* MTPlaylistController.m */ = {isa = PBXFileReference; fileEncoding = 4; lastKnownFileType = sourcecode.c.objc; path = MTPlaylistController.m; sourceTree = "<group>"; };
		E4BD1F06175663D100518BDE /* MTCommentsController.h */ = {isa = PBXFileReference; fileEncoding = 4; lastKnownFileType = sourcecode.c.h; path = MTCommentsController.h; sourceTree = "<group>"; };
		E4BD1F07175663D100518BDE /* MTCommentsController.m */ = {isa = PBXFileReference; fileEncoding = 4; lastKnownFileType = sourcecode.c.objc; path = MTCommentsController.m; sourceTree = "<group>"; };
		E4BD1F09175664E200518BDE /* MTRecordingController.h */ = {isa = PBXFileReference; fileEncoding = 4; lastKnownFileType = sourcecode.c.h; path = MTRecordingController.h; sourceTree = "<group>"; };
		E4BD1F0A175664E200518BDE /* MTRecordingController.m */ = {isa = PBXFileReference; fileEncoding = 4; lastKnownFileType = sourcecode.c.objc; path = MTRecordingController.m; sourceTree = "<group>"; };
		E4BD1F0F1756673200518BDE /* MTUserController.h */ = {isa = PBXFileReference; fileEncoding = 4; lastKnownFileType = sourcecode.c.h; path = MTUserController.h; sourceTree = "<group>"; };
		E4BD1F101756673200518BDE /* MTUserController.m */ = {isa = PBXFileReference; fileEncoding = 4; lastKnownFileType = sourcecode.c.objc; path = MTUserController.m; sourceTree = "<group>"; };
		E4BD1F121756676B00518BDE /* MTS3Controller.h */ = {isa = PBXFileReference; fileEncoding = 4; lastKnownFileType = sourcecode.c.h; path = MTS3Controller.h; sourceTree = "<group>"; };
		E4BD1F131756676B00518BDE /* MTS3Controller.m */ = {isa = PBXFileReference; fileEncoding = 4; lastKnownFileType = sourcecode.c.objc; path = MTS3Controller.m; sourceTree = "<group>"; };
		E4BD1F151756679700518BDE /* MTCommentsModel.h */ = {isa = PBXFileReference; fileEncoding = 4; lastKnownFileType = sourcecode.c.h; path = MTCommentsModel.h; sourceTree = "<group>"; };
		E4BD1F161756679700518BDE /* MTCommentsModel.m */ = {isa = PBXFileReference; fileEncoding = 4; lastKnownFileType = sourcecode.c.objc; path = MTCommentsModel.m; sourceTree = "<group>"; };
		E4CD25A9175E4D770042CF66 /* MTSongView.h */ = {isa = PBXFileReference; fileEncoding = 4; lastKnownFileType = sourcecode.c.h; path = MTSongView.h; sourceTree = "<group>"; };
		E4CD25AA175E4D770042CF66 /* MTSongView.m */ = {isa = PBXFileReference; fileEncoding = 4; lastKnownFileType = sourcecode.c.objc; path = MTSongView.m; sourceTree = "<group>"; };
		E4CD25AE175E4F9C0042CF66 /* MediaPlayer.framework */ = {isa = PBXFileReference; lastKnownFileType = wrapper.framework; name = MediaPlayer.framework; path = System/Library/Frameworks/MediaPlayer.framework; sourceTree = SDKROOT; };
		E4EE2A061764863500FA28B0 /* AVFoundation.framework */ = {isa = PBXFileReference; lastKnownFileType = wrapper.framework; name = AVFoundation.framework; path = System/Library/Frameworks/AVFoundation.framework; sourceTree = SDKROOT; };
		E4EE2A081764864100FA28B0 /* AudioToolbox.framework */ = {isa = PBXFileReference; lastKnownFileType = wrapper.framework; name = AudioToolbox.framework; path = System/Library/Frameworks/AudioToolbox.framework; sourceTree = SDKROOT; };
		E4EE2A0D17649D5300FA28B0 /* button-stop.png */ = {isa = PBXFileReference; lastKnownFileType = image.png; path = "button-stop.png"; sourceTree = "<group>"; };
		E4EE2A0E17649D5300FA28B0 /* button-stop@2x.png */ = {isa = PBXFileReference; lastKnownFileType = image.png; path = "button-stop@2x.png"; sourceTree = "<group>"; };
		E4EE2A151764AABD00FA28B0 /* icon-confirm.png */ = {isa = PBXFileReference; lastKnownFileType = image.png; path = "icon-confirm.png"; sourceTree = "<group>"; };
		E4EE2A161764AABD00FA28B0 /* icon-confirm@2x.png */ = {isa = PBXFileReference; lastKnownFileType = image.png; path = "icon-confirm@2x.png"; sourceTree = "<group>"; };
		E4EE2A191764BB4700FA28B0 /* MTControlCircle.h */ = {isa = PBXFileReference; fileEncoding = 4; lastKnownFileType = sourcecode.c.h; path = MTControlCircle.h; sourceTree = "<group>"; };
		E4EE2A1A1764BB4700FA28B0 /* MTControlCircle.m */ = {isa = PBXFileReference; fileEncoding = 4; lastKnownFileType = sourcecode.c.objc; path = MTControlCircle.m; sourceTree = "<group>"; };
		E4EE2A281764C6BF00FA28B0 /* cd-center@2x.png */ = {isa = PBXFileReference; lastKnownFileType = image.png; path = "cd-center@2x.png"; sourceTree = "<group>"; };
		E4EE2A291764C6BF00FA28B0 /* cd-center.png */ = {isa = PBXFileReference; lastKnownFileType = image.png; path = "cd-center.png"; sourceTree = "<group>"; };
		E4EE2A2C1764C97300FA28B0 /* icon-pause.png */ = {isa = PBXFileReference; lastKnownFileType = image.png; path = "icon-pause.png"; sourceTree = "<group>"; };
		E4EE2A2D1764C97300FA28B0 /* icon-pause@2x.png */ = {isa = PBXFileReference; lastKnownFileType = image.png; path = "icon-pause@2x.png"; sourceTree = "<group>"; };
		E4EE2A2E1764C97400FA28B0 /* icon-play.png */ = {isa = PBXFileReference; lastKnownFileType = image.png; path = "icon-play.png"; sourceTree = "<group>"; };
		E4EE2A2F1764C97400FA28B0 /* icon-play@2x.png */ = {isa = PBXFileReference; lastKnownFileType = image.png; path = "icon-play@2x.png"; sourceTree = "<group>"; };
		E4EE2A301764C97400FA28B0 /* icon-plus.png */ = {isa = PBXFileReference; lastKnownFileType = image.png; path = "icon-plus.png"; sourceTree = "<group>"; };
		E4EE2A311764C97400FA28B0 /* icon-plus@2x.png */ = {isa = PBXFileReference; lastKnownFileType = image.png; path = "icon-plus@2x.png"; sourceTree = "<group>"; };
		E4EE2A381764DC8500FA28B0 /* icon-write.png */ = {isa = PBXFileReference; lastKnownFileType = image.png; path = "icon-write.png"; sourceTree = "<group>"; };
		E4EE2A391764DC8500FA28B0 /* icon-write@2x.png */ = {isa = PBXFileReference; lastKnownFileType = image.png; path = "icon-write@2x.png"; sourceTree = "<group>"; };
		E4EE2A3A1764DC8500FA28B0 /* icon-tale.png */ = {isa = PBXFileReference; lastKnownFileType = image.png; path = "icon-tale.png"; sourceTree = "<group>"; };
		E4EE2A3B1764DC8500FA28B0 /* icon-tale@2x.png */ = {isa = PBXFileReference; lastKnownFileType = image.png; path = "icon-tale@2x.png"; sourceTree = "<group>"; };
		E4EE2A3C1764DC8500FA28B0 /* icon-like.png */ = {isa = PBXFileReference; lastKnownFileType = image.png; path = "icon-like.png"; sourceTree = "<group>"; };
		E4EE2A3D1764DC8600FA28B0 /* icon-like@2x.png */ = {isa = PBXFileReference; lastKnownFileType = image.png; path = "icon-like@2x.png"; sourceTree = "<group>"; };
		E4EE2A3E1764DC8600FA28B0 /* icon-twitter.png */ = {isa = PBXFileReference; lastKnownFileType = image.png; path = "icon-twitter.png"; sourceTree = "<group>"; };
		E4EE2A3F1764DC8600FA28B0 /* icon-twitter@2x.png */ = {isa = PBXFileReference; lastKnownFileType = image.png; path = "icon-twitter@2x.png"; sourceTree = "<group>"; };
		E4EE2A401764DC8600FA28B0 /* icon-recorder.png */ = {isa = PBXFileReference; lastKnownFileType = image.png; path = "icon-recorder.png"; sourceTree = "<group>"; };
		E4EE2A411764DC8600FA28B0 /* icon-recorder@2x.png */ = {isa = PBXFileReference; lastKnownFileType = image.png; path = "icon-recorder@2x.png"; sourceTree = "<group>"; };
/* End PBXFileReference section */

/* Begin PBXFrameworksBuildPhase section */
		E4BD1ED31756604800518BDE /* Frameworks */ = {
			isa = PBXFrameworksBuildPhase;
			buildActionMask = 2147483647;
			files = (
				E4EE2A091764864100FA28B0 /* AudioToolbox.framework in Frameworks */,
				E4EE2A071764863500FA28B0 /* AVFoundation.framework in Frameworks */,
				E4CD25AF175E4F9D0042CF66 /* MediaPlayer.framework in Frameworks */,
				E4BD1EDA1756604800518BDE /* UIKit.framework in Frameworks */,
				E4BD1EDC1756604800518BDE /* Foundation.framework in Frameworks */,
				E4BD1EDE1756604800518BDE /* CoreGraphics.framework in Frameworks */,
				09411BB5A67E48069539D12E /* libPods.a in Frameworks */,
			);
			runOnlyForDeploymentPostprocessing = 0;
		};
/* End PBXFrameworksBuildPhase section */

/* Begin PBXGroup section */
		E4059A691758E34200F4C351 /* Fonts */ = {
			isa = PBXGroup;
			children = (
				E4059A6A1758E34600F4C351 /* Lato */,
			);
			name = Fonts;
			sourceTree = "<group>";
		};
		E4059A6A1758E34600F4C351 /* Lato */ = {
			isa = PBXGroup;
			children = (
				E4059A7F1758E49B00F4C351 /* Lato-Black.ttf */,
				E4059A801758E49B00F4C351 /* Lato-BlackItalic.ttf */,
				E4059A811758E49B00F4C351 /* Lato-Bold.ttf */,
				E4059A821758E49B00F4C351 /* Lato-BoldItalic.ttf */,
				E4059A831758E49B00F4C351 /* Lato-Hairline.ttf */,
				E4059A841758E49B00F4C351 /* Lato-HairlineItalic.ttf */,
				E4059A851758E49B00F4C351 /* Lato-Italic.ttf */,
				E4059A861758E49B00F4C351 /* Lato-Light.ttf */,
				E4059A871758E49B00F4C351 /* Lato-LightItalic.ttf */,
				E4059A881758E49B00F4C351 /* Lato-Regular.ttf */,
			);
			name = Lato;
			sourceTree = "<group>";
		};
		E4059A931758E5FE00F4C351 /* Images */ = {
			isa = PBXGroup;
			children = (
				E4EE2A281764C6BF00FA28B0 /* cd-center@2x.png */,
				E4EE2A291764C6BF00FA28B0 /* cd-center.png */,
				E43972A317639DC100059DD5 /* buttons */,
				E45C1441175B7A1E00EE709D /* navbar@2x.png */,
				E45C1442175B7A1E00EE709D /* navbar.png */,
				E4059AB31759063200F4C351 /* album-example.jpg */,
				E4059A941758E60300F4C351 /* Icons */,
			);
			name = Images;
			sourceTree = "<group>";
		};
		E4059A941758E60300F4C351 /* Icons */ = {
			isa = PBXGroup;
			children = (
				E4EE2A2C1764C97300FA28B0 /* icon-pause.png */,
				E4EE2A2D1764C97300FA28B0 /* icon-pause@2x.png */,
				E4EE2A2E1764C97400FA28B0 /* icon-play.png */,
				E4EE2A2F1764C97400FA28B0 /* icon-play@2x.png */,
				E4EE2A301764C97400FA28B0 /* icon-plus.png */,
				E4EE2A311764C97400FA28B0 /* icon-plus@2x.png */,
				E4EE2A151764AABD00FA28B0 /* icon-confirm.png */,
				E4EE2A161764AABD00FA28B0 /* icon-confirm@2x.png */,
				E4EE2A381764DC8500FA28B0 /* icon-write.png */,
				E4EE2A391764DC8500FA28B0 /* icon-write@2x.png */,
				E4EE2A3A1764DC8500FA28B0 /* icon-tale.png */,
				E4EE2A3B1764DC8500FA28B0 /* icon-tale@2x.png */,
				E4EE2A3C1764DC8500FA28B0 /* icon-like.png */,
				E4EE2A3D1764DC8600FA28B0 /* icon-like@2x.png */,
				E4EE2A3E1764DC8600FA28B0 /* icon-twitter.png */,
				E4EE2A3F1764DC8600FA28B0 /* icon-twitter@2x.png */,
				E4EE2A401764DC8600FA28B0 /* icon-recorder.png */,
				E4EE2A411764DC8600FA28B0 /* icon-recorder@2x.png */,
				E4431D231760E52B009ED59A /* icon-back.png */,
				E4431D241760E52B009ED59A /* icon-back@2x.png */,
				E45C1463175B927800EE709D /* icon-menu@2x.png */,
				E45C1464175B927800EE709D /* icon-menu.png */,
				E45C145F175B911600EE709D /* icon-search@2x.png */,
				E45C1460175B911600EE709D /* icon-search.png */,
				E45C1454175B8D0F00EE709D /* icon-list.png */,
				E45C1455175B8D0F00EE709D /* icon-list@2x.png */,
				E45C1456175B8D0F00EE709D /* icon-grid.png */,
				E45C1457175B8D0F00EE709D /* icon-grid@2x.png */,
				E4059AAF1758F02000F4C351 /* icon-logout.png */,
				E4059AB01758F02000F4C351 /* icon-logout@2x.png */,
				E4059AAB1758EFCE00F4C351 /* icon-playlist.png */,
				E4059AAC1758EFCE00F4C351 /* icon-playlist@2x.png */,
				E4059A9B1758EF1800F4C351 /* icon-popular.png */,
				E4059A9C1758EF1800F4C351 /* icon-popular@2x.png */,
				E4059A9D1758EF1800F4C351 /* icon-outbox.png */,
				E4059A9E1758EF1800F4C351 /* icon-outbox@2x.png */,
				E4059A9F1758EF1800F4C351 /* icon-inbox@2x.png */,
				E4059AA01758EF1800F4C351 /* icon-inbox.png */,
				E4059AA11758EF1800F4C351 /* icon-featured.png */,
				E4059AA21758EF1800F4C351 /* icon-featured@2x.png */,
			);
			name = Icons;
			sourceTree = "<group>";
		};
		E4160E4B176234430054EB37 /* Search */ = {
			isa = PBXGroup;
			children = (
				E4AB9ADB175CF96C00A4DCFA /* MTSearchBarController.h */,
				E4AB9ADC175CF96C00A4DCFA /* MTSearchBarController.m */,
				E4AB9ADE175CF97D00A4DCFA /* MTSearchBar.xib */,
			);
			name = Search;
			sourceTree = "<group>";
		};
		E4160E4C176234520054EB37 /* Song */ = {
			isa = PBXGroup;
			children = (
				E47F174E175F7DDA00194CFC /* MTSongViewController.h */,
				E47F174F175F7DDB00194CFC /* MTSongViewController.m */,
				E43FE58D1764591200472986 /* MTFloatMusicViewController.h */,
				E43FE58E1764591200472986 /* MTFloatMusicViewController.m */,
				E4CD25A9175E4D770042CF66 /* MTSongView.h */,
				E4CD25AA175E4D770042CF66 /* MTSongView.m */,
				E47F1743175F74A300194CFC /* MTProgressView.h */,
				E47F1744175F74A300194CFC /* MTProgressView.m */,
				E4EE2A191764BB4700FA28B0 /* MTControlCircle.h */,
				E4EE2A1A1764BB4700FA28B0 /* MTControlCircle.m */,
			);
			name = Song;
			sourceTree = "<group>";
		};
		E43972A317639DC100059DD5 /* buttons */ = {
			isa = PBXGroup;
			children = (
				E4EE2A0D17649D5300FA28B0 /* button-stop.png */,
				E4EE2A0E17649D5300FA28B0 /* button-stop@2x.png */,
				E439729517637DA900059DD5 /* button-record.png */,
				E43972A717639FD800059DD5 /* button-record@2x.png */,
				E439729B17639D1D00059DD5 /* button-insert-front.png */,
				E439729C17639D1E00059DD5 /* button-insert-front@2x.png */,
				E439729F17639DAD00059DD5 /* button-insert-back.png */,
				E43972A017639DAE00059DD5 /* button-insert-back@2x.png */,
			);
			name = buttons;
			sourceTree = "<group>";
		};
		E43972A417639DF100059DD5 /* Bar Items */ = {
			isa = PBXGroup;
			children = (
				E45C145C175B8E9C00EE709D /* UIViewController+DoubleRightBarItems.h */,
				E45C145D175B8E9C00EE709D /* UIViewController+DoubleRightBarItems.m */,
			);
			name = "Bar Items";
			sourceTree = "<group>";
		};
		E43972A517639E1200059DD5 /* Navigation */ = {
			isa = PBXGroup;
			children = (
				E4AA8B3717579C6F001FA121 /* MTSliderViewController.h */,
				E4AA8B3817579C6F001FA121 /* MTSliderViewController.m */,
				E4AA8B3A17579C90001FA121 /* MTMenuViewController.h */,
				E4AA8B3B17579C90001FA121 /* MTMenuViewController.m */,
				E4AA8B4017579EBD001FA121 /* UIViewController+SliderView.h */,
				E4AA8B4117579EBD001FA121 /* UIViewController+SliderView.m */,
			);
			name = Navigation;
			sourceTree = "<group>";
		};
		E43972A617639E2500059DD5 /* Main */ = {
			isa = PBXGroup;
			children = (
				E4AA8B31175798DF001FA121 /* MTLoginViewController.h */,
				E4AA8B32175798DF001FA121 /* MTLoginViewController.m */,
				E4472D93175A4712008BDE6C /* MTPlaylistViewDelegate.h */,
				E4AA8B431757A117001FA121 /* MTPlaylistListViewController.h */,
				E4AA8B441757A117001FA121 /* MTPlaylistListViewController.m */,
				E4AA8B461757A13E001FA121 /* MTPlaylistGridViewController.h */,
				E4AA8B471757A13E001FA121 /* MTPlaylistGridViewController.m */,
				E4AA8B491757A170001FA121 /* MTPlayMusicViewController.h */,
				E4AA8B4A1757A170001FA121 /* MTPlayMusicViewController.m */,
				E4AA8B5B1757A781001FA121 /* MTTalesViewController.h */,
				E4AA8B5C1757A781001FA121 /* MTTalesViewController.m */,
				E4AA8B641757A9F3001FA121 /* MTRecordVoiceNoteViewController.h */,
				E4AA8B651757A9F3001FA121 /* MTRecordVoiceNoteViewController.m */,
				E4AA8B671757AA07001FA121 /* MTSendTaleViewController.h */,
				E4AA8B681757AA07001FA121 /* MTSendTaleViewController.m */,
			);
			name = Main;
			sourceTree = "<group>";
		};
		E4AA8B6A1757AF61001FA121 /* Cells */ = {
			isa = PBXGroup;
			children = (
				E4AA8B6B1757AF81001FA121 /* MTPlaylistListCell.h */,
				E4AA8B6C1757AF81001FA121 /* MTPlaylistListCell.m */,
				E4AA8B6E1757AFBA001FA121 /* MTPlaylistGridCell.h */,
				E4AA8B6F1757AFBA001FA121 /* MTPlaylistGridCell.m */,
				E4AA8B711757B66E001FA121 /* MTPlaylistGridCell.xib */,
				E4AA8B791757B8A7001FA121 /* MTCommentCell.h */,
				E4AA8B7A1757B8A8001FA121 /* MTCommentCell.m */,
				E4AA8B7C1757B8BA001FA121 /* MTCommentCell.xib */,
				E4059A661758E16A00F4C351 /* MTMenuTableCell.h */,
				E4059A671758E16A00F4C351 /* MTMenuTableCell.m */,
			);
			name = Cells;
			sourceTree = "<group>";
		};
		E4AA8B7E1757BA33001FA121 /* Tales */ = {
			isa = PBXGroup;
			children = (
				E4AA8B5E1757A9B0001FA121 /* MTVoiceNoteViewController.h */,
				E4AA8B5F1757A9B0001FA121 /* MTVoiceNoteViewController.m */,
				E4AA8B611757A9BD001FA121 /* MTTextNoteViewController.h */,
				E4AA8B621757A9BD001FA121 /* MTTextNoteViewController.m */,
			);
			name = Tales;
			sourceTree = "<group>";
		};
		E4AB9AD5175CF39100A4DCFA /* Components */ = {
			isa = PBXGroup;
			children = (
				E4AA8B731757B773001FA121 /* MTVoiceNoteView.xib */,
				E4AA8B751757B78A001FA121 /* MTTextNoteView.xib */,
				E4AA8B771757B7C0001FA121 /* MTComments.xib */,
				E43972A417639DF100059DD5 /* Bar Items */,
				E4AA8B7E1757BA33001FA121 /* Tales */,
				E4160E4C176234520054EB37 /* Song */,
				E4160E4B176234430054EB37 /* Search */,
			);
			name = Components;
			sourceTree = "<group>";
		};
		E4BD1ECD1756604800518BDE = {
			isa = PBXGroup;
			children = (
				E4BD1EDF1756604800518BDE /* MusTale */,
				E4BD1ED81756604800518BDE /* Frameworks */,
				E4BD1ED71756604800518BDE /* Products */,
				391B5BE28835412F87F8FE0B /* Pods.xcconfig */,
			);
			sourceTree = "<group>";
		};
		E4BD1ED71756604800518BDE /* Products */ = {
			isa = PBXGroup;
			children = (
				E4BD1ED61756604800518BDE /* MusTale.app */,
			);
			name = Products;
			sourceTree = "<group>";
		};
		E4BD1ED81756604800518BDE /* Frameworks */ = {
			isa = PBXGroup;
			children = (
				E43FE60917645A0D00472986 /* CHDraggableView.h */,
				E43FE60A17645A0D00472986 /* CHDraggableView.m */,
				E43FE60D17645A0E00472986 /* CHDraggingCoordinator.h */,
				E43FE60E17645A0E00472986 /* CHDraggingCoordinator.m */,
				E4160E51176245760054EB37 /* MarqueeLabel.h */,
				E4160E52176245760054EB37 /* MarqueeLabel.m */,
				E4AB9AD2175CF25A00A4DCFA /* UIColor+i7HexColor.h */,
				E4AB9AD3175CF25A00A4DCFA /* UIColor+i7HexColor.m */,
				E4EE2A081764864100FA28B0 /* AudioToolbox.framework */,
				E4EE2A061764863500FA28B0 /* AVFoundation.framework */,
				E4CD25AE175E4F9C0042CF66 /* MediaPlayer.framework */,
				E4BD1ED91756604800518BDE /* UIKit.framework */,
				E4BD1EDB1756604800518BDE /* Foundation.framework */,
				E4BD1EDD1756604800518BDE /* CoreGraphics.framework */,
				482151283D684C95BE4FAA66 /* libPods.a */,
			);
			name = Frameworks;
			sourceTree = "<group>";
		};
		E4BD1EDF1756604800518BDE /* MusTale */ = {
			isa = PBXGroup;
			children = (
				E45C1445175B7AA800EE709D /* MTConstants.h */,
				E45C1446175B7AA800EE709D /* MTConstants.m */,
				E4BD1EE81756604800518BDE /* MTAppDelegate.h */,
				E4BD1EE91756604800518BDE /* MTAppDelegate.m */,
				E4BD1EFE175662EF00518BDE /* UI */,
				E4BD1EFD175662EA00518BDE /* Models */,
				E4BD1EFC175662E300518BDE /* Controllers */,
				E4BD1EE01756604800518BDE /* Supporting Files */,
			);
			path = MusTale;
			sourceTree = "<group>";
		};
		E4BD1EE01756604800518BDE /* Supporting Files */ = {
			isa = PBXGroup;
			children = (
				E4059A931758E5FE00F4C351 /* Images */,
				E4059A691758E34200F4C351 /* Fonts */,
				E4BD1EE11756604800518BDE /* MusTale-Info.plist */,
				E4BD1EE21756604800518BDE /* InfoPlist.strings */,
				E4BD1EE51756604800518BDE /* main.m */,
				E4BD1EE71756604800518BDE /* MusTale-Prefix.pch */,
				E4BD1EEB1756604800518BDE /* Default.png */,
				E4BD1EED1756604800518BDE /* Default@2x.png */,
				E4BD1EEF1756604900518BDE /* Default-568h@2x.png */,
			);
			name = "Supporting Files";
			sourceTree = "<group>";
		};
		E4BD1EFC175662E300518BDE /* Controllers */ = {
			isa = PBXGroup;
			children = (
				E4BD1EFF1756632300518BDE /* MTNetworkController.h */,
				E4BD1F001756632300518BDE /* MTNetworkController.m */,
				E4BD1F031756634F00518BDE /* MTPlaylistController.h */,
				E4BD1F041756634F00518BDE /* MTPlaylistController.m */,
				E4BD1F06175663D100518BDE /* MTCommentsController.h */,
				E4BD1F07175663D100518BDE /* MTCommentsController.m */,
				E4BD1F09175664E200518BDE /* MTRecordingController.h */,
				E4BD1F0A175664E200518BDE /* MTRecordingController.m */,
				E43972981763839000059DD5 /* MTPlaybackController.h */,
				E43972991763839000059DD5 /* MTPlaybackController.m */,
				E4BD1F0F1756673200518BDE /* MTUserController.h */,
				E4BD1F101756673200518BDE /* MTUserController.m */,
				E4BD1F121756676B00518BDE /* MTS3Controller.h */,
				E4BD1F131756676B00518BDE /* MTS3Controller.m */,
			);
			name = Controllers;
			sourceTree = "<group>";
		};
		E4BD1EFD175662EA00518BDE /* Models */ = {
			isa = PBXGroup;
			children = (
				E4BD1F151756679700518BDE /* MTCommentsModel.h */,
				E4BD1F161756679700518BDE /* MTCommentsModel.m */,
				E4AA8B4C1757A1A3001FA121 /* MTSongModel.h */,
				E4AA8B4D1757A1A3001FA121 /* MTSongModel.m */,
				E4AA8B4F1757A1C8001FA121 /* MTPlaylistModel.h */,
				E4AA8B501757A1C8001FA121 /* MTPlaylistModel.m */,
				E4AA8B521757A22A001FA121 /* MTVoiceNoteModel.h */,
				E4AA8B531757A22A001FA121 /* MTVoiceNoteModel.m */,
				E4AA8B551757A236001FA121 /* MTTextNoteModel.h */,
				E4AA8B561757A236001FA121 /* MTTextNoteModel.m */,
				E4AA8B581757A276001FA121 /* MTUserModel.h */,
				E4AA8B591757A276001FA121 /* MTUserModel.m */,
			);
			name = Models;
			sourceTree = "<group>";
		};
		E4BD1EFE175662EF00518BDE /* UI */ = {
			isa = PBXGroup;
			children = (
				E4BD1EF11756604900518BDE /* MainStoryboard.storyboard */,
				E43972A617639E2500059DD5 /* Main */,
				E43972A517639E1200059DD5 /* Navigation */,
				E4AB9AD5175CF39100A4DCFA /* Components */,
				E4AA8B6A1757AF61001FA121 /* Cells */,
			);
			name = UI;
			sourceTree = "<group>";
		};
/* End PBXGroup section */

/* Begin PBXNativeTarget section */
		E4BD1ED51756604800518BDE /* MusTale */ = {
			isa = PBXNativeTarget;
			buildConfigurationList = E4BD1EF91756604900518BDE /* Build configuration list for PBXNativeTarget "MusTale" */;
			buildPhases = (
				75139B74B755496A8700B2F5 /* Check Pods Manifest.lock */,
				E4BD1ED21756604800518BDE /* Sources */,
				E4BD1ED31756604800518BDE /* Frameworks */,
				E4BD1ED41756604800518BDE /* Resources */,
				CF8A50CB7E374987B59E3345 /* Copy Pods Resources */,
			);
			buildRules = (
			);
			dependencies = (
			);
			name = MusTale;
			productName = MusTale;
			productReference = E4BD1ED61756604800518BDE /* MusTale.app */;
			productType = "com.apple.product-type.application";
		};
/* End PBXNativeTarget section */

/* Begin PBXProject section */
		E4BD1ECE1756604800518BDE /* Project object */ = {
			isa = PBXProject;
			attributes = {
				CLASSPREFIX = MT;
				LastUpgradeCheck = 0460;
				ORGANIZATIONNAME = nus.cs3217;
			};
			buildConfigurationList = E4BD1ED11756604800518BDE /* Build configuration list for PBXProject "MusTale" */;
			compatibilityVersion = "Xcode 3.2";
			developmentRegion = English;
			hasScannedForEncodings = 0;
			knownRegions = (
				en,
			);
			mainGroup = E4BD1ECD1756604800518BDE;
			productRefGroup = E4BD1ED71756604800518BDE /* Products */;
			projectDirPath = "";
			projectRoot = "";
			targets = (
				E4BD1ED51756604800518BDE /* MusTale */,
			);
		};
/* End PBXProject section */

/* Begin PBXResourcesBuildPhase section */
		E4BD1ED41756604800518BDE /* Resources */ = {
			isa = PBXResourcesBuildPhase;
			buildActionMask = 2147483647;
			files = (
				E4BD1EE41756604800518BDE /* InfoPlist.strings in Resources */,
				E4BD1EEC1756604800518BDE /* Default.png in Resources */,
				E4BD1EEE1756604800518BDE /* Default@2x.png in Resources */,
				E4BD1EF01756604900518BDE /* Default-568h@2x.png in Resources */,
				E4BD1EF31756604900518BDE /* MainStoryboard.storyboard in Resources */,
				E4AA8B721757B66E001FA121 /* MTPlaylistGridCell.xib in Resources */,
				E4AA8B741757B773001FA121 /* MTVoiceNoteView.xib in Resources */,
				E4AA8B761757B78A001FA121 /* MTTextNoteView.xib in Resources */,
				E4AA8B781757B7C1001FA121 /* MTComments.xib in Resources */,
				E4AA8B7D1757B8BB001FA121 /* MTCommentCell.xib in Resources */,
				E4059A891758E49B00F4C351 /* Lato-Black.ttf in Resources */,
				E4059A8A1758E49B00F4C351 /* Lato-BlackItalic.ttf in Resources */,
				E4059A8B1758E49B00F4C351 /* Lato-Bold.ttf in Resources */,
				E4059A8C1758E49B00F4C351 /* Lato-BoldItalic.ttf in Resources */,
				E4059A8D1758E49B00F4C351 /* Lato-Hairline.ttf in Resources */,
				E4059A8E1758E49B00F4C351 /* Lato-HairlineItalic.ttf in Resources */,
				E4059A8F1758E49B00F4C351 /* Lato-Italic.ttf in Resources */,
				E4059A901758E49B00F4C351 /* Lato-Light.ttf in Resources */,
				E4059A911758E49B00F4C351 /* Lato-LightItalic.ttf in Resources */,
				E4059A921758E49B00F4C351 /* Lato-Regular.ttf in Resources */,
				E4059AA31758EF1800F4C351 /* icon-popular.png in Resources */,
				E4059AA41758EF1800F4C351 /* icon-popular@2x.png in Resources */,
				E4059AA51758EF1800F4C351 /* icon-outbox.png in Resources */,
				E4059AA61758EF1800F4C351 /* icon-outbox@2x.png in Resources */,
				E4059AA71758EF1800F4C351 /* icon-inbox@2x.png in Resources */,
				E4059AA81758EF1800F4C351 /* icon-inbox.png in Resources */,
				E4059AA91758EF1800F4C351 /* icon-featured.png in Resources */,
				E4059AAA1758EF1800F4C351 /* icon-featured@2x.png in Resources */,
				E4059AAD1758EFCE00F4C351 /* icon-playlist.png in Resources */,
				E4059AAE1758EFCE00F4C351 /* icon-playlist@2x.png in Resources */,
				E4059AB11758F02000F4C351 /* icon-logout.png in Resources */,
				E4059AB21758F02000F4C351 /* icon-logout@2x.png in Resources */,
				E4059AB41759063200F4C351 /* album-example.jpg in Resources */,
				E45C1443175B7A1E00EE709D /* navbar@2x.png in Resources */,
				E45C1444175B7A1E00EE709D /* navbar.png in Resources */,
				E45C1458175B8D0F00EE709D /* icon-list.png in Resources */,
				E45C1459175B8D0F00EE709D /* icon-list@2x.png in Resources */,
				E45C145A175B8D0F00EE709D /* icon-grid.png in Resources */,
				E45C145B175B8D0F00EE709D /* icon-grid@2x.png in Resources */,
				E45C1461175B911600EE709D /* icon-search@2x.png in Resources */,
				E45C1462175B911600EE709D /* icon-search.png in Resources */,
				E45C1465175B927800EE709D /* icon-menu@2x.png in Resources */,
				E45C1466175B927800EE709D /* icon-menu.png in Resources */,
				E4AB9ADF175CF97D00A4DCFA /* MTSearchBar.xib in Resources */,
				E4431D251760E52B009ED59A /* icon-back.png in Resources */,
				E4431D261760E52B009ED59A /* icon-back@2x.png in Resources */,
				E439729717637DA900059DD5 /* button-record.png in Resources */,
				E439729D17639D2000059DD5 /* button-insert-front.png in Resources */,
				E439729E17639D2000059DD5 /* button-insert-front@2x.png in Resources */,
				E43972A117639DAF00059DD5 /* button-insert-back.png in Resources */,
				E43972A217639DAF00059DD5 /* button-insert-back@2x.png in Resources */,
				E43972A817639FD800059DD5 /* button-record@2x.png in Resources */,
				E4EE2A0F17649D5300FA28B0 /* button-stop.png in Resources */,
				E4EE2A1017649D5300FA28B0 /* button-stop@2x.png in Resources */,
				E4EE2A171764AABD00FA28B0 /* icon-confirm.png in Resources */,
				E4EE2A181764AABD00FA28B0 /* icon-confirm@2x.png in Resources */,
				E4EE2A2A1764C6BF00FA28B0 /* cd-center@2x.png in Resources */,
				E4EE2A2B1764C6BF00FA28B0 /* cd-center.png in Resources */,
				E4EE2A321764C97400FA28B0 /* icon-pause.png in Resources */,
				E4EE2A331764C97400FA28B0 /* icon-pause@2x.png in Resources */,
				E4EE2A341764C97400FA28B0 /* icon-play.png in Resources */,
				E4EE2A351764C97400FA28B0 /* icon-play@2x.png in Resources */,
				E4EE2A361764C97400FA28B0 /* icon-plus.png in Resources */,
				E4EE2A371764C97400FA28B0 /* icon-plus@2x.png in Resources */,
				E4EE2A421764DC8700FA28B0 /* icon-write.png in Resources */,
				E4EE2A431764DC8700FA28B0 /* icon-write@2x.png in Resources */,
				E4EE2A441764DC8700FA28B0 /* icon-tale.png in Resources */,
				E4EE2A451764DC8700FA28B0 /* icon-tale@2x.png in Resources */,
				E4EE2A461764DC8700FA28B0 /* icon-like.png in Resources */,
				E4EE2A471764DC8700FA28B0 /* icon-like@2x.png in Resources */,
				E4EE2A481764DC8700FA28B0 /* icon-twitter.png in Resources */,
				E4EE2A491764DC8700FA28B0 /* icon-twitter@2x.png in Resources */,
				E4EE2A4A1764DC8700FA28B0 /* icon-recorder.png in Resources */,
				E4EE2A4B1764DC8700FA28B0 /* icon-recorder@2x.png in Resources */,
			);
			runOnlyForDeploymentPostprocessing = 0;
		};
/* End PBXResourcesBuildPhase section */

/* Begin PBXShellScriptBuildPhase section */
		75139B74B755496A8700B2F5 /* Check Pods Manifest.lock */ = {
			isa = PBXShellScriptBuildPhase;
			buildActionMask = 2147483647;
			files = (
			);
			inputPaths = (
			);
			name = "Check Pods Manifest.lock";
			outputPaths = (
			);
			runOnlyForDeploymentPostprocessing = 0;
			shellPath = /bin/sh;
			shellScript = "diff \"${PODS_ROOT}/../Podfile.lock\" \"${PODS_ROOT}/Manifest.lock\" > /dev/null\nif [[ $? != 0 ]] ; then\n    cat << EOM\nerror: The sandbox is not in sync with the Podfile.lock. Run 'pod install' or update your CocoaPods installation.\nEOM\n    exit 1\nfi\n";
		};
		CF8A50CB7E374987B59E3345 /* Copy Pods Resources */ = {
			isa = PBXShellScriptBuildPhase;
			buildActionMask = 2147483647;
			files = (
			);
			inputPaths = (
			);
			name = "Copy Pods Resources";
			outputPaths = (
			);
			runOnlyForDeploymentPostprocessing = 0;
			shellPath = /bin/sh;
			shellScript = "\"${SRCROOT}/Pods/Pods-resources.sh\"\n";
		};
/* End PBXShellScriptBuildPhase section */

/* Begin PBXSourcesBuildPhase section */
		E4BD1ED21756604800518BDE /* Sources */ = {
			isa = PBXSourcesBuildPhase;
			buildActionMask = 2147483647;
			files = (
				E4BD1EE61756604800518BDE /* main.m in Sources */,
				E4BD1EEA1756604800518BDE /* MTAppDelegate.m in Sources */,
				E4BD1F011756632300518BDE /* MTNetworkController.m in Sources */,
				E4BD1F051756634F00518BDE /* MTPlaylistController.m in Sources */,
				E4BD1F08175663D100518BDE /* MTCommentsController.m in Sources */,
				E4BD1F0B175664E200518BDE /* MTRecordingController.m in Sources */,
				E4BD1F111756673200518BDE /* MTUserController.m in Sources */,
				E4BD1F141756676B00518BDE /* MTS3Controller.m in Sources */,
				E4BD1F171756679700518BDE /* MTCommentsModel.m in Sources */,
				E4AA8B33175798DF001FA121 /* MTLoginViewController.m in Sources */,
				E4AA8B3917579C6F001FA121 /* MTSliderViewController.m in Sources */,
				E4AA8B3C17579C90001FA121 /* MTMenuViewController.m in Sources */,
				E4AA8B4217579EBD001FA121 /* UIViewController+SliderView.m in Sources */,
				E4AA8B451757A117001FA121 /* MTPlaylistListViewController.m in Sources */,
				E4AA8B481757A13E001FA121 /* MTPlaylistGridViewController.m in Sources */,
				E4AA8B4B1757A170001FA121 /* MTPlayMusicViewController.m in Sources */,
				E4AA8B4E1757A1A3001FA121 /* MTSongModel.m in Sources */,
				E4AA8B511757A1C8001FA121 /* MTPlaylistModel.m in Sources */,
				E4AA8B541757A22A001FA121 /* MTVoiceNoteModel.m in Sources */,
				E4AA8B571757A236001FA121 /* MTTextNoteModel.m in Sources */,
				E4AA8B5A1757A276001FA121 /* MTUserModel.m in Sources */,
				E4AA8B5D1757A781001FA121 /* MTTalesViewController.m in Sources */,
				E4AA8B601757A9B1001FA121 /* MTVoiceNoteViewController.m in Sources */,
				E4AA8B631757A9BD001FA121 /* MTTextNoteViewController.m in Sources */,
				E4AA8B661757A9F3001FA121 /* MTRecordVoiceNoteViewController.m in Sources */,
				E4AA8B691757AA07001FA121 /* MTSendTaleViewController.m in Sources */,
				E4AA8B6D1757AF81001FA121 /* MTPlaylistListCell.m in Sources */,
				E4AA8B701757AFBA001FA121 /* MTPlaylistGridCell.m in Sources */,
				E4AA8B7B1757B8A8001FA121 /* MTCommentCell.m in Sources */,
				E4059A681758E16A00F4C351 /* MTMenuTableCell.m in Sources */,
				E45C1447175B7AA800EE709D /* MTConstants.m in Sources */,
				E45C145E175B8E9D00EE709D /* UIViewController+DoubleRightBarItems.m in Sources */,
				E4AB9AD4175CF25A00A4DCFA /* UIColor+i7HexColor.m in Sources */,
				E4AB9ADD175CF96C00A4DCFA /* MTSearchBarController.m in Sources */,
				E4CD25AB175E4D770042CF66 /* MTSongView.m in Sources */,
				E47F1745175F74A300194CFC /* MTProgressView.m in Sources */,
				E47F1750175F7DDB00194CFC /* MTSongViewController.m in Sources */,
				E4160E53176245760054EB37 /* MarqueeLabel.m in Sources */,
				E439729A1763839000059DD5 /* MTPlaybackController.m in Sources */,
				E43FE58F1764591200472986 /* MTFloatMusicViewController.m in Sources */,
				E43FE60F17645A0E00472986 /* CHDraggableView.m in Sources */,
				E43FE61117645A0E00472986 /* CHDraggingCoordinator.m in Sources */,
				E4EE2A1B1764BB4700FA28B0 /* MTControlCircle.m in Sources */,
			);
			runOnlyForDeploymentPostprocessing = 0;
		};
/* End PBXSourcesBuildPhase section */

/* Begin PBXVariantGroup section */
		E4BD1EE21756604800518BDE /* InfoPlist.strings */ = {
			isa = PBXVariantGroup;
			children = (
				E4BD1EE31756604800518BDE /* en */,
			);
			name = InfoPlist.strings;
			sourceTree = "<group>";
		};
		E4BD1EF11756604900518BDE /* MainStoryboard.storyboard */ = {
			isa = PBXVariantGroup;
			children = (
				E4BD1EF21756604900518BDE /* en */,
			);
			name = MainStoryboard.storyboard;
			sourceTree = "<group>";
		};
/* End PBXVariantGroup section */

/* Begin XCBuildConfiguration section */
		E4BD1EF71756604900518BDE /* Debug */ = {
			isa = XCBuildConfiguration;
			buildSettings = {
				ALWAYS_SEARCH_USER_PATHS = NO;
				CLANG_CXX_LANGUAGE_STANDARD = "gnu++0x";
				CLANG_CXX_LIBRARY = "libc++";
				CLANG_ENABLE_OBJC_ARC = YES;
				CLANG_WARN_CONSTANT_CONVERSION = YES;
				CLANG_WARN_EMPTY_BODY = YES;
				CLANG_WARN_ENUM_CONVERSION = YES;
				CLANG_WARN_INT_CONVERSION = YES;
				CLANG_WARN__DUPLICATE_METHOD_MATCH = YES;
				"CODE_SIGN_IDENTITY[sdk=iphoneos*]" = "iPhone Developer";
				COPY_PHASE_STRIP = NO;
				GCC_C_LANGUAGE_STANDARD = gnu99;
				GCC_DYNAMIC_NO_PIC = NO;
				GCC_OPTIMIZATION_LEVEL = 0;
				GCC_PREPROCESSOR_DEFINITIONS = (
					"DEBUG=1",
					"$(inherited)",
				);
				GCC_SYMBOLS_PRIVATE_EXTERN = NO;
				GCC_WARN_ABOUT_RETURN_TYPE = YES;
				GCC_WARN_UNINITIALIZED_AUTOS = YES;
				GCC_WARN_UNUSED_VARIABLE = YES;
				IPHONEOS_DEPLOYMENT_TARGET = 5.1;
				ONLY_ACTIVE_ARCH = YES;
				SDKROOT = iphoneos;
			};
			name = Debug;
		};
		E4BD1EF81756604900518BDE /* Release */ = {
			isa = XCBuildConfiguration;
			buildSettings = {
				ALWAYS_SEARCH_USER_PATHS = NO;
				CLANG_CXX_LANGUAGE_STANDARD = "gnu++0x";
				CLANG_CXX_LIBRARY = "libc++";
				CLANG_ENABLE_OBJC_ARC = YES;
				CLANG_WARN_CONSTANT_CONVERSION = YES;
				CLANG_WARN_EMPTY_BODY = YES;
				CLANG_WARN_ENUM_CONVERSION = YES;
				CLANG_WARN_INT_CONVERSION = YES;
				CLANG_WARN__DUPLICATE_METHOD_MATCH = YES;
				"CODE_SIGN_IDENTITY[sdk=iphoneos*]" = "iPhone Developer";
				COPY_PHASE_STRIP = YES;
				GCC_C_LANGUAGE_STANDARD = gnu99;
				GCC_WARN_ABOUT_RETURN_TYPE = YES;
				GCC_WARN_UNINITIALIZED_AUTOS = YES;
				GCC_WARN_UNUSED_VARIABLE = YES;
				IPHONEOS_DEPLOYMENT_TARGET = 5.1;
				OTHER_CFLAGS = "-DNS_BLOCK_ASSERTIONS=1";
				SDKROOT = iphoneos;
				VALIDATE_PRODUCT = YES;
			};
			name = Release;
		};
		E4BD1EFA1756604900518BDE /* Debug */ = {
			isa = XCBuildConfiguration;
			baseConfigurationReference = 391B5BE28835412F87F8FE0B /* Pods.xcconfig */;
			buildSettings = {
				GCC_PRECOMPILE_PREFIX_HEADER = YES;
				GCC_PREFIX_HEADER = "MusTale/MusTale-Prefix.pch";
				INFOPLIST_FILE = "MusTale/MusTale-Info.plist";
				IPHONEOS_DEPLOYMENT_TARGET = 5.1;
				PRODUCT_NAME = "$(TARGET_NAME)";
				WRAPPER_EXTENSION = app;
			};
			name = Debug;
		};
		E4BD1EFB1756604900518BDE /* Release */ = {
			isa = XCBuildConfiguration;
			baseConfigurationReference = 391B5BE28835412F87F8FE0B /* Pods.xcconfig */;
			buildSettings = {
				GCC_PRECOMPILE_PREFIX_HEADER = YES;
				GCC_PREFIX_HEADER = "MusTale/MusTale-Prefix.pch";
				INFOPLIST_FILE = "MusTale/MusTale-Info.plist";
				IPHONEOS_DEPLOYMENT_TARGET = 5.1;
				PRODUCT_NAME = "$(TARGET_NAME)";
				WRAPPER_EXTENSION = app;
			};
			name = Release;
		};
/* End XCBuildConfiguration section */

/* Begin XCConfigurationList section */
		E4BD1ED11756604800518BDE /* Build configuration list for PBXProject "MusTale" */ = {
			isa = XCConfigurationList;
			buildConfigurations = (
				E4BD1EF71756604900518BDE /* Debug */,
				E4BD1EF81756604900518BDE /* Release */,
			);
			defaultConfigurationIsVisible = 0;
			defaultConfigurationName = Release;
		};
		E4BD1EF91756604900518BDE /* Build configuration list for PBXNativeTarget "MusTale" */ = {
			isa = XCConfigurationList;
			buildConfigurations = (
				E4BD1EFA1756604900518BDE /* Debug */,
				E4BD1EFB1756604900518BDE /* Release */,
			);
			defaultConfigurationIsVisible = 0;
			defaultConfigurationName = Release;
		};
/* End XCConfigurationList section */
	};
	rootObject = E4BD1ECE1756604800518BDE /* Project object */;
}
